{
  "pins" : [
    {
      "identity" : "audioplaybackkit",
      "kind" : "remoteSourceControl",
      "location" : "https://github.com/timusus/AudioPlaybackKit.git",
      "state" : {
        "revision" : "2e27be5ec31c6a512793d1ea5c91e29432f1c0f2",
        "version" : "0.7.1"
      }
    },
    {
      "identity" : "posthog-ios",
      "kind" : "remoteSourceControl",
      "location" : "https://github.com/PostHog/posthog-ios",
      "state" : {
        "revision" : "e7ddccc6cedb44bde5b484070f6a99c817ee192f",
        "version" : "3.89.0"
      }
    },
    {
      "identity" : "sentry-cocoa",
      "kind" : "remoteSourceControl",
      "location" : "https://github.com/getsentry/sentry-cocoa",
      "state" : {
        "revision" : "b539e098293067be54fa5cf1f11d9e16cdbba94a",
        "version" : "9.30.0"
      }
    },
    {
      "identity" : "viewinspector",
      "kind" : "remoteSourceControl",
      "location" : "https://github.com/nalexn/ViewInspector",
      "state" : {
        "revision" : "2dacb6e514be19379c605a5a11564d0f3fea89d9",
        "version" : "0.10.5"
      }
    }
  ],
  "version" : 2
}
