{
  "pins" : [
    {
      "identity" : "audioplaybackkit",
      "kind" : "remoteSourceControl",
      "location" : "https://github.com/timusus/AudioPlaybackKit.git",
      "state" : {
        "revision" : "2e27be5ec31c6a512793d1ea5c91e29432f1c0f2",
        "version" : "0.7.1"
      }
    }
  ],
  "version" : 2
}
