{
  "pins" : [
    {
      "identity" : "shuttle-playback",
      "kind" : "remoteSourceControl",
      "location" : "https://github.com/timusus/shuttle-playback.git",
      "state" : {
        "revision" : "2fe81d9bafc2ce5551da90ac4c141a35e97ddd24",
        "version" : "0.5.0"
      }
    }
  ],
  "version" : 2
}
