{
  "pins" : [
    {
      "identity" : "shuttle-playback",
      "kind" : "remoteSourceControl",
      "location" : "https://github.com/timusus/shuttle-playback.git",
      "state" : {
        "revision" : "0e54482827f687de3c31913502a7c38572e2d633",
        "version" : "0.4.0"
      }
    }
  ],
  "version" : 2
}
