// !$*UTF8*$!
{
	archiveVersion = 1;
	classes = {
	};
	objectVersion = 77;
	objects = {

/* Begin PBXBuildFile section */
		0478BEC87E6005E259F62AE4 /* EqualizerView.swift in Sources */ = {isa = PBXBuildFile; fileRef = CFFFB17EF4036829CFD54688 /* EqualizerView.swift */; };
		076ADE2573B4CCD76E1C2473 /* AudioSessionController.swift in Sources */ = {isa = PBXBuildFile; fileRef = B12E0CB3FCC7571A44BAD037 /* AudioSessionController.swift */; };
		090C3713C7D8C7CDF2ACBA76 /* RouteDestination.swift in Sources */ = {isa = PBXBuildFile; fileRef = 9439F2E0407BF9275E4CEC04 /* RouteDestination.swift */; };
		0E0B027A3870445B18FC5012 /* Separator.swift in Sources */ = {isa = PBXBuildFile; fileRef = E961F30A527AB450C8572B47 /* Separator.swift */; };
		0E7907AA683D6400A21C379A /* PlaylistDetailView.swift in Sources */ = {isa = PBXBuildFile; fileRef = 1758719EFAFB68F08639BC26 /* PlaylistDetailView.swift */; };
		102D87FC8E24D263D787ECA9 /* EngineAudioPlayerTests.swift in Sources */ = {isa = PBXBuildFile; fileRef = BA3C4C66EB5919CB2CD27F60 /* EngineAudioPlayerTests.swift */; };
		126A2D1ECDCB2820F903D70A /* AudioEngine.swift in Sources */ = {isa = PBXBuildFile; fileRef = F95725D349E6F5EBD720DD23 /* AudioEngine.swift */; };
		161A7624D72A25B5DA169F75 /* MusicPlaybackController+AudioEngine.swift in Sources */ = {isa = PBXBuildFile; fileRef = 402DCA8A76A00BEDF61347DF /* MusicPlaybackController+AudioEngine.swift */; };
		18416BC746C2876787050585 /* PlaylistListTests.swift in Sources */ = {isa = PBXBuildFile; fileRef = 6B467DAFF667D6F5A48F5DBA /* PlaylistListTests.swift */; };
		1A38A709B25F4854ACB8A784 /* HomeViewTests.swift in Sources */ = {isa = PBXBuildFile; fileRef = 17CAC2177C448E5AAF2FC3D4 /* HomeViewTests.swift */; };
		1D096299208BE05D1B687A6A /* ArtworkTintTests.swift in Sources */ = {isa = PBXBuildFile; fileRef = C72BD30E191F8DDEFB8D6B41 /* ArtworkTintTests.swift */; };
		1E36BC6BB4AFF482C902E8F1 /* S2Playback in Frameworks */ = {isa = PBXBuildFile; productRef = 991A0127927C490EA585B9CC /* S2Playback */; };
		1E4056BB6ED5BD70E4CF5E76 /* LibrarySortMenuTests.swift in Sources */ = {isa = PBXBuildFile; fileRef = 4FC13290DC486051BE47FF29 /* LibrarySortMenuTests.swift */; };
		210B036A0CC1AF2D9E0E1286 /* ImportActivity.swift in Sources */ = {isa = PBXBuildFile; fileRef = 036F202686AE3731A4488CE1 /* ImportActivity.swift */; };
		21285C07C55D398490CCF075 /* PlayerBinding.swift in Sources */ = {isa = PBXBuildFile; fileRef = 77DAB02A2B7331E3CA3C4332 /* PlayerBinding.swift */; };
		219A25DB3B9C7F1880CE3AB0 /* Spacing.swift in Sources */ = {isa = PBXBuildFile; fileRef = 42D2D56852BA79BF5517563F /* Spacing.swift */; };
		21FE30A773E2FAFEEB422155 /* DetailSupport.swift in Sources */ = {isa = PBXBuildFile; fileRef = 346675B16296BE8F1612838A /* DetailSupport.swift */; };
		22061B66DFCCC943591B60BA /* Assets.xcassets in Resources */ = {isa = PBXBuildFile; fileRef = AB3130910D39D3EBAB25744C /* Assets.xcassets */; };
		231078D87B2D4E48A18485EC /* CombineFlowBridge.swift in Sources */ = {isa = PBXBuildFile; fileRef = 071E70571E51743974A5AC4F /* CombineFlowBridge.swift */; };
		27EDE8BF878B3F8D7F1580AE /* Shimmer.swift in Sources */ = {isa = PBXBuildFile; fileRef = 8477763CCDC4966B330DC086 /* Shimmer.swift */; };
		2A319BAAFA3AE125057BF8AC /* SectionHeader.swift in Sources */ = {isa = PBXBuildFile; fileRef = 36538449409BD13651C085A2 /* SectionHeader.swift */; };
		2ABA345B8D63E42DA6D413BF /* CoverMosaic.swift in Sources */ = {isa = PBXBuildFile; fileRef = B32385386778AA341330EA17 /* CoverMosaic.swift */; };
		2C7B3FD103869E7BB31DC2A7 /* NavigatorTests.swift in Sources */ = {isa = PBXBuildFile; fileRef = 10A6ADEACA55D27E692A2C22 /* NavigatorTests.swift */; };
		2D1E96D1ECC97DF4A709C917 /* ViewModelGroup.swift in Sources */ = {isa = PBXBuildFile; fileRef = 214D546417D1085A1C2B5F67 /* ViewModelGroup.swift */; };
		2DA2E2E30509CFBEDD4130AD /* DetailSupportTests.swift in Sources */ = {isa = PBXBuildFile; fileRef = FBA8DC3CAF502AB452A47E5C /* DetailSupportTests.swift */; };
		2EB0A626190F975E4FDEBDC5 /* SongInfoView.swift in Sources */ = {isa = PBXBuildFile; fileRef = 829B812DD1A922DF9F8DF440 /* SongInfoView.swift */; };
		31622DC97DF270EF81190A43 /* PlayerPresentation.swift in Sources */ = {isa = PBXBuildFile; fileRef = D6F13B4E6E24F493A2104D75 /* PlayerPresentation.swift */; };
		3175D4D1DC6565C41E534C91 /* LibraryCollection.swift in Sources */ = {isa = PBXBuildFile; fileRef = 205F2D98E447A246625BE4A5 /* LibraryCollection.swift */; };
		3276AA0BF67F5F0A9B6E0D28 /* PlayerBindingTests.swift in Sources */ = {isa = PBXBuildFile; fileRef = 4508034A93DD7E7D4C59E362 /* PlayerBindingTests.swift */; };
		34C47AF9BC740718A6B15B47 /* NowPlayingView.swift in Sources */ = {isa = PBXBuildFile; fileRef = D0D38E5CC8D77C5BA07D5821 /* NowPlayingView.swift */; };
		35711F16198C1340CC43E55A /* MiniPlayerView.swift in Sources */ = {isa = PBXBuildFile; fileRef = 528C6644D4642CD20178A704 /* MiniPlayerView.swift */; };
		36448DF63FDD4D6333FB9DD2 /* DesignSystemTests.swift in Sources */ = {isa = PBXBuildFile; fileRef = CA8F70031E091A9E05A0ABE8 /* DesignSystemTests.swift */; };
		364F5DB5B5BC1C174907D5ED /* AlbumListView.swift in Sources */ = {isa = PBXBuildFile; fileRef = 9EB97ABD546F19AAB459025C /* AlbumListView.swift */; };
		3B297FCDDC6A2A782858A56D /* PlayerNotice.swift in Sources */ = {isa = PBXBuildFile; fileRef = B68CE2B34453BFF2F0D8C705 /* PlayerNotice.swift */; };
		3BA363657A25B16138985A50 /* SearchPerformanceTests.swift in Sources */ = {isa = PBXBuildFile; fileRef = 0F7B25219533CE12C48913F7 /* SearchPerformanceTests.swift */; };
		3C9A3CFCD175F341D2569B15 /* LibraryViewTests.swift in Sources */ = {isa = PBXBuildFile; fileRef = 644FCDF9D90ECEA9AEB75600 /* LibraryViewTests.swift */; };
		3E0028B763F6EBB5558A2441 /* HomeItemTile.swift in Sources */ = {isa = PBXBuildFile; fileRef = FC1FE5FCCB4D9AB28DBE8864 /* HomeItemTile.swift */; };
		3E021E78C43854C64163C4FF /* NowPlayingController.swift in Sources */ = {isa = PBXBuildFile; fileRef = 6D4EC07E38D0A5C76D2B59F0 /* NowPlayingController.swift */; };
		406F210DE2687C5AFC4765C1 /* GenreListTests.swift in Sources */ = {isa = PBXBuildFile; fileRef = 40DB4BD291074658C1281380 /* GenreListTests.swift */; };
		43AB85762965B15754A34D88 /* SongListView.swift in Sources */ = {isa = PBXBuildFile; fileRef = 25A16BF1FBD866CAC92AD676 /* SongListView.swift */; };
		44C327B4FBF11A10614B931B /* SongRow.swift in Sources */ = {isa = PBXBuildFile; fileRef = D679F550BBE525E21437DE0B /* SongRow.swift */; };
		48BBD8574995CA01C2A459C1 /* FilterChip.swift in Sources */ = {isa = PBXBuildFile; fileRef = 041ABAC56D609C794639DB1A /* FilterChip.swift */; };
		4B7D96BE34E44984943545EE /* JumpBackInGrid.swift in Sources */ = {isa = PBXBuildFile; fileRef = 906D37F830AB77668D7F8D89 /* JumpBackInGrid.swift */; };
		4BB77D4A9957ED117DDCF31A /* TestSongs.swift in Sources */ = {isa = PBXBuildFile; fileRef = 14BB2620441276D4E9C54BA6 /* TestSongs.swift */; };
		4F5AE3ED0FF9CCAC0F5ED871 /* SmartPlaylistDetailTests.swift in Sources */ = {isa = PBXBuildFile; fileRef = AE1248F23C192E471CE3403C /* SmartPlaylistDetailTests.swift */; };
		4FFABF85108C9B7FA840C9DE /* LibrarySortMenu.swift in Sources */ = {isa = PBXBuildFile; fileRef = 7800BB96A63022F81C627539 /* LibrarySortMenu.swift */; };
		52C29020D1D42E749E7EAC01 /* Settings.bundle in Resources */ = {isa = PBXBuildFile; fileRef = FCBFC3688D06BC30635B00FA /* Settings.bundle */; };
		553A58C265C6AFA440D89FCF /* ContentView.swift in Sources */ = {isa = PBXBuildFile; fileRef = FC548555BCD74CA0702CE7B3 /* ContentView.swift */; };
		570B6E4C9E40ECF2784B855C /* AlbumArtistDetailView.swift in Sources */ = {isa = PBXBuildFile; fileRef = 9CF6FFC261DFB5CF6553CC77 /* AlbumArtistDetailView.swift */; };
		57F9789CC5776E74E0B9857B /* SongInfoTests.swift in Sources */ = {isa = PBXBuildFile; fileRef = 7041C95EB2787868FD153782 /* SongInfoTests.swift */; };
		585A0251C433400E10A4AF82 /* MiniPlayerViewTests.swift in Sources */ = {isa = PBXBuildFile; fileRef = C8AC265BC9335CC1C9710C63 /* MiniPlayerViewTests.swift */; };
		5BF07A6C45571F1110476F74 /* ServerSignInView.swift in Sources */ = {isa = PBXBuildFile; fileRef = 1778C13112603D7FCD2AAAE6 /* ServerSignInView.swift */; };
		5CB5C5912DA7AF5DF32CE0B4 /* RemoteArtwork.swift in Sources */ = {isa = PBXBuildFile; fileRef = 442479EA4A659CDC3E88462B /* RemoteArtwork.swift */; };
		5E3B09AB807AB94FC257FAC9 /* AirPlayButton.swift in Sources */ = {isa = PBXBuildFile; fileRef = B7AADEAF2F8D24AC514AD547 /* AirPlayButton.swift */; };
		624E2C6798581CD66B607606 /* ArtworkBackground.swift in Sources */ = {isa = PBXBuildFile; fileRef = 4FC86FB5219FFA411079E834 /* ArtworkBackground.swift */; };
		6431833B8D6C0A0B282E0F5F /* AlbumArtistListView.swift in Sources */ = {isa = PBXBuildFile; fileRef = 969D7BE4B5B0AC1094B37103 /* AlbumArtistListView.swift */; };
		672C44354CAADEA1C9F901B7 /* PlaybackSystemCoordinator.swift in Sources */ = {isa = PBXBuildFile; fileRef = 91C9049F0CB5EDB935D8D6B8 /* PlaybackSystemCoordinator.swift */; };
		69DAA7DE0ED3D9BCF0A98D4C /* ServerDetailView.swift in Sources */ = {isa = PBXBuildFile; fileRef = CE8467A5CA986447D9340F53 /* ServerDetailView.swift */; };
		6A67D7A370D304760B517B8D /* ShellContainer.swift in Sources */ = {isa = PBXBuildFile; fileRef = 67AA5EABDB43DCBE61D34029 /* ShellContainer.swift */; };
		6AEB0AC592D2378BF49D2D41 /* PlayIntentTests.swift in Sources */ = {isa = PBXBuildFile; fileRef = 4145D11B811DE85C2F3F718A /* PlayIntentTests.swift */; };
		6E5F162D0C7883B79420E471 /* FakeAudioEngine.swift in Sources */ = {isa = PBXBuildFile; fileRef = BE0563753774CA8C18BFCA94 /* FakeAudioEngine.swift */; };
		6EA145E4CCCF5A2D66E95C7C /* ArtworkLoaderTests.swift in Sources */ = {isa = PBXBuildFile; fileRef = 5C6B428E35216AC97CDD0502 /* ArtworkLoaderTests.swift */; };
		73304BDD0F5F554C34287560 /* ArtworkImage.swift in Sources */ = {isa = PBXBuildFile; fileRef = 163103F43F01EBA86D007C5F /* ArtworkImage.swift */; };
		7470E4F2218A8D38E42764C1 /* LibraryLetterIndexTests.swift in Sources */ = {isa = PBXBuildFile; fileRef = 8B1B9EE110E1BFA6AF478F22 /* LibraryLetterIndexTests.swift */; };
		74DD184C2EBBB3F4E997B71D /* LibraryLetterIndex.swift in Sources */ = {isa = PBXBuildFile; fileRef = F6D121E3E347AC1642C1D039 /* LibraryLetterIndex.swift */; };
		76888FE5233E4B90ED2A244A /* Motion.swift in Sources */ = {isa = PBXBuildFile; fileRef = 6FA31930A8CB79E30E7CB606 /* Motion.swift */; };
		7A701E93B15CFAEEF3311D42 /* LibraryListTests.swift in Sources */ = {isa = PBXBuildFile; fileRef = 191927F39E29CE059057C079 /* LibraryListTests.swift */; };
		842361F9758C975E8AAB0BDB /* Localizable.strings in Resources */ = {isa = PBXBuildFile; fileRef = CB2C91FE8406D6ED46243D9D /* Localizable.strings */; };
		85CD36E6527CD8C02C94C68E /* AppGraph.swift in Sources */ = {isa = PBXBuildFile; fileRef = 7E5961F296B2738309AF66BC /* AppGraph.swift */; };
		879F7220E10417FE86AEA528 /* ArtworkSource+Testing.swift in Sources */ = {isa = PBXBuildFile; fileRef = 1A070F599F25063A5506E523 /* ArtworkSource+Testing.swift */; };
		87BE61D41895A26AB403D726 /* PlayerEventOutcomeTests.swift in Sources */ = {isa = PBXBuildFile; fileRef = 589A21F654ABF5821FB118E5 /* PlayerEventOutcomeTests.swift */; };
		87E7FAF7C7C7910AFA56B5D7 /* AlbumArtistListTests.swift in Sources */ = {isa = PBXBuildFile; fileRef = 60C0C48BCE8CEF1B30FF9D34 /* AlbumArtistListTests.swift */; };
		890A154886B1B157CAAFDFEA /* SongInfoSections.swift in Sources */ = {isa = PBXBuildFile; fileRef = C646ADA121ECD50C73F27ECA /* SongInfoSections.swift */; };
		8D35BFA6D0DEA168AF80AD0C /* NowPlayingAudioSheets.swift in Sources */ = {isa = PBXBuildFile; fileRef = 4ADA676570793AAB2B73A604 /* NowPlayingAudioSheets.swift */; };
		8DB510F3C2861DAE2E6D79ED /* NowPlayingViewTests.swift in Sources */ = {isa = PBXBuildFile; fileRef = 48E0B40EF9B1410AFE3490A4 /* NowPlayingViewTests.swift */; };
		8DB654A84EBD8D0D7A13656B /* LibraryGridTests.swift in Sources */ = {isa = PBXBuildFile; fileRef = 796A3B12BBE0B079F29CF480 /* LibraryGridTests.swift */; };
		952FFA6805354B6A7B73D0E7 /* RouteTests.swift in Sources */ = {isa = PBXBuildFile; fileRef = F8D3127BEC11A3D89D92CAA2 /* RouteTests.swift */; };
		97C1316CB57AA5EC7C3219A5 /* PlayIntent.swift in Sources */ = {isa = PBXBuildFile; fileRef = 2F2835E631713B620C844627 /* PlayIntent.swift */; };
		9B1E89BAD9F71286BF2437AA /* LibraryView.swift in Sources */ = {isa = PBXBuildFile; fileRef = 2F74B98EFB99516DD895C476 /* LibraryView.swift */; };
		9D1A42B52CE59007F5DFA5A7 /* LayoutTier.swift in Sources */ = {isa = PBXBuildFile; fileRef = 467103A9C583DD5E8967EABF /* LayoutTier.swift */; };
		A0D212754B15BC66F9CBE7EB /* PlayerPaletteTests.swift in Sources */ = {isa = PBXBuildFile; fileRef = 9188F0A66E8159B42084CA4B /* PlayerPaletteTests.swift */; };
		A12FAD75FAC331471138D9B0 /* PlaybackSystemCoordinatorTests.swift in Sources */ = {isa = PBXBuildFile; fileRef = 4F97906E25504493A67DA322 /* PlaybackSystemCoordinatorTests.swift */; };
		A4DB8F671CB561F475D9337B /* Navigator.swift in Sources */ = {isa = PBXBuildFile; fileRef = 89689E4CDFC9350CB0EFB888 /* Navigator.swift */; };
		A5FC469E9A6B7236B4187BA6 /* SearchView.swift in Sources */ = {isa = PBXBuildFile; fileRef = 158B1F52DF06F29C91362AA1 /* SearchView.swift */; };
		A63A662503830912A4762A65 /* EmptyState.swift in Sources */ = {isa = PBXBuildFile; fileRef = F7647069B7F0DC85EE4B35DB /* EmptyState.swift */; };
		A7677505BD6ABB9546620C0D /* Route.swift in Sources */ = {isa = PBXBuildFile; fileRef = 102211043771B638F9DEBB28 /* Route.swift */; };
		A8A521383C88462C5210FEF1 /* EngineAudioPlayer.swift in Sources */ = {isa = PBXBuildFile; fileRef = EFFBC031880E93536DB77D51 /* EngineAudioPlayer.swift */; };
		ACCCD2E8586E770E2C07D096 /* AlbumDetailView.swift in Sources */ = {isa = PBXBuildFile; fileRef = 26298475CFBDD52FD92166E6 /* AlbumDetailView.swift */; };
		AD30CBCBD32BA3F24F6B355E /* CombineFlowBridgeTests.swift in Sources */ = {isa = PBXBuildFile; fileRef = 5E1633C34A912D4852F34CC2 /* CombineFlowBridgeTests.swift */; };
		B0FB022FA7D066955A64D070 /* MarqueeText.swift in Sources */ = {isa = PBXBuildFile; fileRef = F57C06B74E49F7F95F50A62E /* MarqueeText.swift */; };
		B2017C3E5F7DB5964CD434D0 /* ArtworkPalette.swift in Sources */ = {isa = PBXBuildFile; fileRef = DDCC039C577D8A1D202C35A0 /* ArtworkPalette.swift */; };
		B72F8880FF3CF21C649FB03E /* GenreListView.swift in Sources */ = {isa = PBXBuildFile; fileRef = 219D34D59A017AC9E82F0C9E /* GenreListView.swift */; };
		B8399C63B96189E50C51B76E /* LibraryImport.swift in Sources */ = {isa = PBXBuildFile; fileRef = 52FDEC92D75DB433244B1C2E /* LibraryImport.swift */; };
		B853C3B025A218C9E08FA400 /* EqualizerViewTests.swift in Sources */ = {isa = PBXBuildFile; fileRef = A8D3E5BE60A178860D1F22FA /* EqualizerViewTests.swift */; };
		B9BD09F696DCDF0CCAA8045D /* AppShellTests.swift in Sources */ = {isa = PBXBuildFile; fileRef = 8283086D7B89F655CDC63931 /* AppShellTests.swift */; };
		BBA3A674A453A7214F3948FA /* Typography.swift in Sources */ = {isa = PBXBuildFile; fileRef = 87263640816D52C273CCC216 /* Typography.swift */; };
		BC96C3A8656E42ADB2A47476 /* PlayerPalette.swift in Sources */ = {isa = PBXBuildFile; fileRef = B4EABE937DFDA953B4A4F31C /* PlayerPalette.swift */; };
		C0540805B66A09FDE6557DB9 /* AlbumDetailTests.swift in Sources */ = {isa = PBXBuildFile; fileRef = 82D8F50EA0F4508C11C2A23D /* AlbumDetailTests.swift */; };
		C06F838DD291958251D1AA51 /* Shape.swift in Sources */ = {isa = PBXBuildFile; fileRef = F97E968C1BD5C9BA155566A5 /* Shape.swift */; };
		C49D068C77F250C823A5A2A9 /* ViewInspector in Frameworks */ = {isa = PBXBuildFile; productRef = B8D3D385DF619051CF4D4D12 /* ViewInspector */; };
		C59FBDB9E91FA89CBA2B6386 /* Colors.swift in Sources */ = {isa = PBXBuildFile; fileRef = 2105451B4A503DA93D9DAC70 /* Colors.swift */; };
		C6F8C2F04E379EB42828F981 /* SettingsView.swift in Sources */ = {isa = PBXBuildFile; fileRef = 77F718CDD54F88ED9434F689 /* SettingsView.swift */; };
		C77AF297E16BD55870DA82AE /* SourceSetupFlow.swift in Sources */ = {isa = PBXBuildFile; fileRef = C32DBA1BFA689E63E9C474A4 /* SourceSetupFlow.swift */; };
		C8BE242010D2B03768E1EFE8 /* AlbumArtistDetailTests.swift in Sources */ = {isa = PBXBuildFile; fileRef = 626D669847C07508951E6DCF /* AlbumArtistDetailTests.swift */; };
		C94DF2D35D4DCF038C4FB9F5 /* PlaybackSettingsView.swift in Sources */ = {isa = PBXBuildFile; fileRef = 56B6E8E6934F436F7FDF2343 /* PlaybackSettingsView.swift */; };
		CA6F3819B1788DCE9222B321 /* Glass.swift in Sources */ = {isa = PBXBuildFile; fileRef = F9F70EFFAD10B452F52E8A77 /* Glass.swift */; };
		CCEAD67EFEF0617F3B75D30D /* MediaRow.swift in Sources */ = {isa = PBXBuildFile; fileRef = 7679FEB8D9FEE4B1455173CC /* MediaRow.swift */; };
		D15E8CB1C210263CFE0A4956 /* ViewModelCacheTests.swift in Sources */ = {isa = PBXBuildFile; fileRef = 81E32BC8DC4703CBE2DCD79C /* ViewModelCacheTests.swift */; };
		D38E4DF3DFD20F788529DAE9 /* SettingsViewTests.swift in Sources */ = {isa = PBXBuildFile; fileRef = F2E9C9B867D2C9D540A8AF3C /* SettingsViewTests.swift */; };
		D3F60B96084F2A27FEDB1EB9 /* PrivacyInfo.xcprivacy in Resources */ = {isa = PBXBuildFile; fileRef = 94CF6782E9CB3B9D69914E8C /* PrivacyInfo.xcprivacy */; };
		D81817D1E15FF9445D39A71D /* ViewModelCache.swift in Sources */ = {isa = PBXBuildFile; fileRef = 9F59DA1BBF939E0071AED4F2 /* ViewModelCache.swift */; };
		D959A8478773245D31E9DD45 /* SourceSetupFlowTests.swift in Sources */ = {isa = PBXBuildFile; fileRef = 3C35C7691E4A7FAE290762B2 /* SourceSetupFlowTests.swift */; };
		D974D54BCFF1770DE0DF8A55 /* ArtworkLoader.swift in Sources */ = {isa = PBXBuildFile; fileRef = 31E55AD106EEAAB1C05E1B8A /* ArtworkLoader.swift */; };
		DA730FACA000899524710C84 /* S2App.swift in Sources */ = {isa = PBXBuildFile; fileRef = 20E688A48CB9963C2F8837D2 /* S2App.swift */; };
		DA9C801B38D6B5C671BA3362 /* PlaylistListView.swift in Sources */ = {isa = PBXBuildFile; fileRef = 2F76D1A68F4085AD3F385D00 /* PlaylistListView.swift */; };
		DD4891E0BF44B93EAF236D70 /* SourcesView.swift in Sources */ = {isa = PBXBuildFile; fileRef = 5EB548347F36B5DBD39E7922 /* SourcesView.swift */; };
		DE3C1474FB4F0D0A5163FCC8 /* AlbumSectionHeader.swift in Sources */ = {isa = PBXBuildFile; fileRef = BB1F6A8475DD9D2EA014187B /* AlbumSectionHeader.swift */; };
		E1955E56226D498BCA1865D2 /* AudioSessionControllerTests.swift in Sources */ = {isa = PBXBuildFile; fileRef = 12C790AE3052665B98697F90 /* AudioSessionControllerTests.swift */; };
		E5C52791957D1D65E6800967 /* GenreDetailView.swift in Sources */ = {isa = PBXBuildFile; fileRef = A18FD9C61B587B073E26B5DC /* GenreDetailView.swift */; };
		E92BFDB4D95C7E2F0D897342 /* NowPlayingControllerTests.swift in Sources */ = {isa = PBXBuildFile; fileRef = B9B0D7D971C30D4A0B6D6D8E /* NowPlayingControllerTests.swift */; };
		EA877E9F937EC35097A15E73 /* ConsumeEvents.swift in Sources */ = {isa = PBXBuildFile; fileRef = 7D100B2699FDBBA93E472ED3 /* ConsumeEvents.swift */; };
		EB31CEEE4B03748EA4BD2A1E /* SmartPlaylistDetailView.swift in Sources */ = {isa = PBXBuildFile; fileRef = 440B9C9AC22F673636605230 /* SmartPlaylistDetailView.swift */; };
		ECA5089D7B73ECF4C8B9AD4F /* SongRowTests.swift in Sources */ = {isa = PBXBuildFile; fileRef = 123D81D04E01D0A27CB6D60B /* SongRowTests.swift */; };
		F1039F380A383B28D4B1BC2F /* ArtworkTint.swift in Sources */ = {isa = PBXBuildFile; fileRef = 98568006B2C16F9BF1BC3830 /* ArtworkTint.swift */; };
		F12EE3732E1D78A378DBEEC5 /* PlaylistDetailTests.swift in Sources */ = {isa = PBXBuildFile; fileRef = 104B0330AE77C6FD6B180FC7 /* PlaylistDetailTests.swift */; };
		F3ABB063A6171C619BAB09B8 /* HomeView.swift in Sources */ = {isa = PBXBuildFile; fileRef = 52BE27ECE8E19F5960E66097 /* HomeView.swift */; };
		F473B39BF82E79D396C77573 /* AudioQuality.swift in Sources */ = {isa = PBXBuildFile; fileRef = EFF976AEFD8C5C99F5A3872E /* AudioQuality.swift */; };
		F5A38E52E15457BCE9E4FE31 /* SourcesViewTests.swift in Sources */ = {isa = PBXBuildFile; fileRef = 9617DD31BA89B09F9D5E6DDE /* SourcesViewTests.swift */; };
		F7C5229F897F3B344B93DAC9 /* ServerSignInViewTests.swift in Sources */ = {isa = PBXBuildFile; fileRef = AD2EF810FC899B3829DAD4FA /* ServerSignInViewTests.swift */; };
		F96A02B9E3B2536F18277736 /* LayoutTierTests.swift in Sources */ = {isa = PBXBuildFile; fileRef = 1C4156A63D9F30E876660749 /* LayoutTierTests.swift */; };
		FC765588CFC3B367E0D2CFB0 /* ArtworkColorExtractor.swift in Sources */ = {isa = PBXBuildFile; fileRef = 9BDFD4513B43CF4304880231 /* ArtworkColorExtractor.swift */; };
		FE3EFECB1604076DE596F3CE /* GenreDetailTests.swift in Sources */ = {isa = PBXBuildFile; fileRef = 344A8CE0E64AF6DE0B323968 /* GenreDetailTests.swift */; };
		FF363B6168FD0A6F0006028A /* SearchViewTests.swift in Sources */ = {isa = PBXBuildFile; fileRef = B2A215E10EED997DF8D49390 /* SearchViewTests.swift */; };
/* End PBXBuildFile section */

/* Begin PBXContainerItemProxy section */
		A2539C69EC8E7E8008B714E2 /* PBXContainerItemProxy */ = {
			isa = PBXContainerItemProxy;
			containerPortal = F3C5A9A39D405087978DD8F6 /* Project object */;
			proxyType = 1;
			remoteGlobalIDString = E92023F4E4F12EE1966E286F;
			remoteInfo = S2;
		};
/* End PBXContainerItemProxy section */

/* Begin PBXFileReference section */
		036F202686AE3731A4488CE1 /* ImportActivity.swift */ = {isa = PBXFileReference; lastKnownFileType = sourcecode.swift; path = ImportActivity.swift; sourceTree = "<group>"; };
		041ABAC56D609C794639DB1A /* FilterChip.swift */ = {isa = PBXFileReference; lastKnownFileType = sourcecode.swift; path = FilterChip.swift; sourceTree = "<group>"; };
		071E70571E51743974A5AC4F /* CombineFlowBridge.swift */ = {isa = PBXFileReference; lastKnownFileType = sourcecode.swift; path = CombineFlowBridge.swift; sourceTree = "<group>"; };
		0F7B25219533CE12C48913F7 /* SearchPerformanceTests.swift */ = {isa = PBXFileReference; lastKnownFileType = sourcecode.swift; path = SearchPerformanceTests.swift; sourceTree = "<group>"; };
		102211043771B638F9DEBB28 /* Route.swift */ = {isa = PBXFileReference; lastKnownFileType = sourcecode.swift; path = Route.swift; sourceTree = "<group>"; };
		104B0330AE77C6FD6B180FC7 /* PlaylistDetailTests.swift */ = {isa = PBXFileReference; lastKnownFileType = sourcecode.swift; path = PlaylistDetailTests.swift; sourceTree = "<group>"; };
		10A6ADEACA55D27E692A2C22 /* NavigatorTests.swift */ = {isa = PBXFileReference; lastKnownFileType = sourcecode.swift; path = NavigatorTests.swift; sourceTree = "<group>"; };
		123D81D04E01D0A27CB6D60B /* SongRowTests.swift */ = {isa = PBXFileReference; lastKnownFileType = sourcecode.swift; path = SongRowTests.swift; sourceTree = "<group>"; };
		12C790AE3052665B98697F90 /* AudioSessionControllerTests.swift */ = {isa = PBXFileReference; lastKnownFileType = sourcecode.swift; path = AudioSessionControllerTests.swift; sourceTree = "<group>"; };
		14BB2620441276D4E9C54BA6 /* TestSongs.swift */ = {isa = PBXFileReference; lastKnownFileType = sourcecode.swift; path = TestSongs.swift; sourceTree = "<group>"; };
		158B1F52DF06F29C91362AA1 /* SearchView.swift */ = {isa = PBXFileReference; lastKnownFileType = sourcecode.swift; path = SearchView.swift; sourceTree = "<group>"; };
		163103F43F01EBA86D007C5F /* ArtworkImage.swift */ = {isa = PBXFileReference; lastKnownFileType = sourcecode.swift; path = ArtworkImage.swift; sourceTree = "<group>"; };
		1758719EFAFB68F08639BC26 /* PlaylistDetailView.swift */ = {isa = PBXFileReference; lastKnownFileType = sourcecode.swift; path = PlaylistDetailView.swift; sourceTree = "<group>"; };
		1778C13112603D7FCD2AAAE6 /* ServerSignInView.swift */ = {isa = PBXFileReference; lastKnownFileType = sourcecode.swift; path = ServerSignInView.swift; sourceTree = "<group>"; };
		17CAC2177C448E5AAF2FC3D4 /* HomeViewTests.swift */ = {isa = PBXFileReference; lastKnownFileType = sourcecode.swift; path = HomeViewTests.swift; sourceTree = "<group>"; };
		191927F39E29CE059057C079 /* LibraryListTests.swift */ = {isa = PBXFileReference; lastKnownFileType = sourcecode.swift; path = LibraryListTests.swift; sourceTree = "<group>"; };
		1A070F599F25063A5506E523 /* ArtworkSource+Testing.swift */ = {isa = PBXFileReference; lastKnownFileType = sourcecode.swift; path = "ArtworkSource+Testing.swift"; sourceTree = "<group>"; };
		1C4156A63D9F30E876660749 /* LayoutTierTests.swift */ = {isa = PBXFileReference; lastKnownFileType = sourcecode.swift; path = LayoutTierTests.swift; sourceTree = "<group>"; };
		205F2D98E447A246625BE4A5 /* LibraryCollection.swift */ = {isa = PBXFileReference; lastKnownFileType = sourcecode.swift; path = LibraryCollection.swift; sourceTree = "<group>"; };
		20E688A48CB9963C2F8837D2 /* S2App.swift */ = {isa = PBXFileReference; lastKnownFileType = sourcecode.swift; path = S2App.swift; sourceTree = "<group>"; };
		2105451B4A503DA93D9DAC70 /* Colors.swift */ = {isa = PBXFileReference; lastKnownFileType = sourcecode.swift; path = Colors.swift; sourceTree = "<group>"; };
		214D546417D1085A1C2B5F67 /* ViewModelGroup.swift */ = {isa = PBXFileReference; lastKnownFileType = sourcecode.swift; path = ViewModelGroup.swift; sourceTree = "<group>"; };
		219D34D59A017AC9E82F0C9E /* GenreListView.swift */ = {isa = PBXFileReference; lastKnownFileType = sourcecode.swift; path = GenreListView.swift; sourceTree = "<group>"; };
		25A16BF1FBD866CAC92AD676 /* SongListView.swift */ = {isa = PBXFileReference; lastKnownFileType = sourcecode.swift; path = SongListView.swift; sourceTree = "<group>"; };
		26298475CFBDD52FD92166E6 /* AlbumDetailView.swift */ = {isa = PBXFileReference; lastKnownFileType = sourcecode.swift; path = AlbumDetailView.swift; sourceTree = "<group>"; };
		2F2835E631713B620C844627 /* PlayIntent.swift */ = {isa = PBXFileReference; lastKnownFileType = sourcecode.swift; path = PlayIntent.swift; sourceTree = "<group>"; };
		2F74B98EFB99516DD895C476 /* LibraryView.swift */ = {isa = PBXFileReference; lastKnownFileType = sourcecode.swift; path = LibraryView.swift; sourceTree = "<group>"; };
		2F76D1A68F4085AD3F385D00 /* PlaylistListView.swift */ = {isa = PBXFileReference; lastKnownFileType = sourcecode.swift; path = PlaylistListView.swift; sourceTree = "<group>"; };
		31E55AD106EEAAB1C05E1B8A /* ArtworkLoader.swift */ = {isa = PBXFileReference; lastKnownFileType = sourcecode.swift; path = ArtworkLoader.swift; sourceTree = "<group>"; };
		344A8CE0E64AF6DE0B323968 /* GenreDetailTests.swift */ = {isa = PBXFileReference; lastKnownFileType = sourcecode.swift; path = GenreDetailTests.swift; sourceTree = "<group>"; };
		346675B16296BE8F1612838A /* DetailSupport.swift */ = {isa = PBXFileReference; lastKnownFileType = sourcecode.swift; path = DetailSupport.swift; sourceTree = "<group>"; };
		36538449409BD13651C085A2 /* SectionHeader.swift */ = {isa = PBXFileReference; lastKnownFileType = sourcecode.swift; path = SectionHeader.swift; sourceTree = "<group>"; };
		3C35C7691E4A7FAE290762B2 /* SourceSetupFlowTests.swift */ = {isa = PBXFileReference; lastKnownFileType = sourcecode.swift; path = SourceSetupFlowTests.swift; sourceTree = "<group>"; };
		402DCA8A76A00BEDF61347DF /* MusicPlaybackController+AudioEngine.swift */ = {isa = PBXFileReference; lastKnownFileType = sourcecode.swift; path = "MusicPlaybackController+AudioEngine.swift"; sourceTree = "<group>"; };
		40DB4BD291074658C1281380 /* GenreListTests.swift */ = {isa = PBXFileReference; lastKnownFileType = sourcecode.swift; path = GenreListTests.swift; sourceTree = "<group>"; };
		4145D11B811DE85C2F3F718A /* PlayIntentTests.swift */ = {isa = PBXFileReference; lastKnownFileType = sourcecode.swift; path = PlayIntentTests.swift; sourceTree = "<group>"; };
		42D2D56852BA79BF5517563F /* Spacing.swift */ = {isa = PBXFileReference; lastKnownFileType = sourcecode.swift; path = Spacing.swift; sourceTree = "<group>"; };
		440B9C9AC22F673636605230 /* SmartPlaylistDetailView.swift */ = {isa = PBXFileReference; lastKnownFileType = sourcecode.swift; path = SmartPlaylistDetailView.swift; sourceTree = "<group>"; };
		442479EA4A659CDC3E88462B /* RemoteArtwork.swift */ = {isa = PBXFileReference; lastKnownFileType = sourcecode.swift; path = RemoteArtwork.swift; sourceTree = "<group>"; };
		4508034A93DD7E7D4C59E362 /* PlayerBindingTests.swift */ = {isa = PBXFileReference; lastKnownFileType = sourcecode.swift; path = PlayerBindingTests.swift; sourceTree = "<group>"; };
		467103A9C583DD5E8967EABF /* LayoutTier.swift */ = {isa = PBXFileReference; lastKnownFileType = sourcecode.swift; path = LayoutTier.swift; sourceTree = "<group>"; };
		48E0B40EF9B1410AFE3490A4 /* NowPlayingViewTests.swift */ = {isa = PBXFileReference; lastKnownFileType = sourcecode.swift; path = NowPlayingViewTests.swift; sourceTree = "<group>"; };
		4ADA676570793AAB2B73A604 /* NowPlayingAudioSheets.swift */ = {isa = PBXFileReference; lastKnownFileType = sourcecode.swift; path = NowPlayingAudioSheets.swift; sourceTree = "<group>"; };
		4F97906E25504493A67DA322 /* PlaybackSystemCoordinatorTests.swift */ = {isa = PBXFileReference; lastKnownFileType = sourcecode.swift; path = PlaybackSystemCoordinatorTests.swift; sourceTree = "<group>"; };
		4FC13290DC486051BE47FF29 /* LibrarySortMenuTests.swift */ = {isa = PBXFileReference; lastKnownFileType = sourcecode.swift; path = LibrarySortMenuTests.swift; sourceTree = "<group>"; };
		4FC86FB5219FFA411079E834 /* ArtworkBackground.swift */ = {isa = PBXFileReference; lastKnownFileType = sourcecode.swift; path = ArtworkBackground.swift; sourceTree = "<group>"; };
		528C6644D4642CD20178A704 /* MiniPlayerView.swift */ = {isa = PBXFileReference; lastKnownFileType = sourcecode.swift; path = MiniPlayerView.swift; sourceTree = "<group>"; };
		52BE27ECE8E19F5960E66097 /* HomeView.swift */ = {isa = PBXFileReference; lastKnownFileType = sourcecode.swift; path = HomeView.swift; sourceTree = "<group>"; };
		52FDEC92D75DB433244B1C2E /* LibraryImport.swift */ = {isa = PBXFileReference; lastKnownFileType = sourcecode.swift; path = LibraryImport.swift; sourceTree = "<group>"; };
		56B6E8E6934F436F7FDF2343 /* PlaybackSettingsView.swift */ = {isa = PBXFileReference; lastKnownFileType = sourcecode.swift; path = PlaybackSettingsView.swift; sourceTree = "<group>"; };
		589A21F654ABF5821FB118E5 /* PlayerEventOutcomeTests.swift */ = {isa = PBXFileReference; lastKnownFileType = sourcecode.swift; path = PlayerEventOutcomeTests.swift; sourceTree = "<group>"; };
		5C6B428E35216AC97CDD0502 /* ArtworkLoaderTests.swift */ = {isa = PBXFileReference; lastKnownFileType = sourcecode.swift; path = ArtworkLoaderTests.swift; sourceTree = "<group>"; };
		5E1633C34A912D4852F34CC2 /* CombineFlowBridgeTests.swift */ = {isa = PBXFileReference; lastKnownFileType = sourcecode.swift; path = CombineFlowBridgeTests.swift; sourceTree = "<group>"; };
		5EB548347F36B5DBD39E7922 /* SourcesView.swift */ = {isa = PBXFileReference; lastKnownFileType = sourcecode.swift; path = SourcesView.swift; sourceTree = "<group>"; };
		60C0C48BCE8CEF1B30FF9D34 /* AlbumArtistListTests.swift */ = {isa = PBXFileReference; lastKnownFileType = sourcecode.swift; path = AlbumArtistListTests.swift; sourceTree = "<group>"; };
		626D669847C07508951E6DCF /* AlbumArtistDetailTests.swift */ = {isa = PBXFileReference; lastKnownFileType = sourcecode.swift; path = AlbumArtistDetailTests.swift; sourceTree = "<group>"; };
		644FCDF9D90ECEA9AEB75600 /* LibraryViewTests.swift */ = {isa = PBXFileReference; lastKnownFileType = sourcecode.swift; path = LibraryViewTests.swift; sourceTree = "<group>"; };
		67AA5EABDB43DCBE61D34029 /* ShellContainer.swift */ = {isa = PBXFileReference; lastKnownFileType = sourcecode.swift; path = ShellContainer.swift; sourceTree = "<group>"; };
		6B467DAFF667D6F5A48F5DBA /* PlaylistListTests.swift */ = {isa = PBXFileReference; lastKnownFileType = sourcecode.swift; path = PlaylistListTests.swift; sourceTree = "<group>"; };
		6C03B6D3CCE903CAEB601182 /* S2Tests.xctest */ = {isa = PBXFileReference; includeInIndex = 0; lastKnownFileType = wrapper.cfbundle; path = S2Tests.xctest; sourceTree = BUILT_PRODUCTS_DIR; };
		6D4EC07E38D0A5C76D2B59F0 /* NowPlayingController.swift */ = {isa = PBXFileReference; lastKnownFileType = sourcecode.swift; path = NowPlayingController.swift; sourceTree = "<group>"; };
		6FA31930A8CB79E30E7CB606 /* Motion.swift */ = {isa = PBXFileReference; lastKnownFileType = sourcecode.swift; path = Motion.swift; sourceTree = "<group>"; };
		7041C95EB2787868FD153782 /* SongInfoTests.swift */ = {isa = PBXFileReference; lastKnownFileType = sourcecode.swift; path = SongInfoTests.swift; sourceTree = "<group>"; };
		7679FEB8D9FEE4B1455173CC /* MediaRow.swift */ = {isa = PBXFileReference; lastKnownFileType = sourcecode.swift; path = MediaRow.swift; sourceTree = "<group>"; };
		76ADBE2382A54513A42CEACC /* S2.app */ = {isa = PBXFileReference; includeInIndex = 0; lastKnownFileType = wrapper.application; path = S2.app; sourceTree = BUILT_PRODUCTS_DIR; };
		77DAB02A2B7331E3CA3C4332 /* PlayerBinding.swift */ = {isa = PBXFileReference; lastKnownFileType = sourcecode.swift; path = PlayerBinding.swift; sourceTree = "<group>"; };
		77F718CDD54F88ED9434F689 /* SettingsView.swift */ = {isa = PBXFileReference; lastKnownFileType = sourcecode.swift; path = SettingsView.swift; sourceTree = "<group>"; };
		7800BB96A63022F81C627539 /* LibrarySortMenu.swift */ = {isa = PBXFileReference; lastKnownFileType = sourcecode.swift; path = LibrarySortMenu.swift; sourceTree = "<group>"; };
		796A3B12BBE0B079F29CF480 /* LibraryGridTests.swift */ = {isa = PBXFileReference; lastKnownFileType = sourcecode.swift; path = LibraryGridTests.swift; sourceTree = "<group>"; };
		7D100B2699FDBBA93E472ED3 /* ConsumeEvents.swift */ = {isa = PBXFileReference; lastKnownFileType = sourcecode.swift; path = ConsumeEvents.swift; sourceTree = "<group>"; };
		7E5961F296B2738309AF66BC /* AppGraph.swift */ = {isa = PBXFileReference; lastKnownFileType = sourcecode.swift; path = AppGraph.swift; sourceTree = "<group>"; };
		7F87245A9FB0C0CD8A257CA4 /* en */ = {isa = PBXFileReference; lastKnownFileType = text.plist.strings; name = en; path = en.lproj/Localizable.strings; sourceTree = "<group>"; };
		81E32BC8DC4703CBE2DCD79C /* ViewModelCacheTests.swift */ = {isa = PBXFileReference; lastKnownFileType = sourcecode.swift; path = ViewModelCacheTests.swift; sourceTree = "<group>"; };
		8283086D7B89F655CDC63931 /* AppShellTests.swift */ = {isa = PBXFileReference; lastKnownFileType = sourcecode.swift; path = AppShellTests.swift; sourceTree = "<group>"; };
		829B812DD1A922DF9F8DF440 /* SongInfoView.swift */ = {isa = PBXFileReference; lastKnownFileType = sourcecode.swift; path = SongInfoView.swift; sourceTree = "<group>"; };
		82D8F50EA0F4508C11C2A23D /* AlbumDetailTests.swift */ = {isa = PBXFileReference; lastKnownFileType = sourcecode.swift; path = AlbumDetailTests.swift; sourceTree = "<group>"; };
		8477763CCDC4966B330DC086 /* Shimmer.swift */ = {isa = PBXFileReference; lastKnownFileType = sourcecode.swift; path = Shimmer.swift; sourceTree = "<group>"; };
		87263640816D52C273CCC216 /* Typography.swift */ = {isa = PBXFileReference; lastKnownFileType = sourcecode.swift; path = Typography.swift; sourceTree = "<group>"; };
		89689E4CDFC9350CB0EFB888 /* Navigator.swift */ = {isa = PBXFileReference; lastKnownFileType = sourcecode.swift; path = Navigator.swift; sourceTree = "<group>"; };
		8B1B9EE110E1BFA6AF478F22 /* LibraryLetterIndexTests.swift */ = {isa = PBXFileReference; lastKnownFileType = sourcecode.swift; path = LibraryLetterIndexTests.swift; sourceTree = "<group>"; };
		906D37F830AB77668D7F8D89 /* JumpBackInGrid.swift */ = {isa = PBXFileReference; lastKnownFileType = sourcecode.swift; path = JumpBackInGrid.swift; sourceTree = "<group>"; };
		9188F0A66E8159B42084CA4B /* PlayerPaletteTests.swift */ = {isa = PBXFileReference; lastKnownFileType = sourcecode.swift; path = PlayerPaletteTests.swift; sourceTree = "<group>"; };
		91C9049F0CB5EDB935D8D6B8 /* PlaybackSystemCoordinator.swift */ = {isa = PBXFileReference; lastKnownFileType = sourcecode.swift; path = PlaybackSystemCoordinator.swift; sourceTree = "<group>"; };
		9439F2E0407BF9275E4CEC04 /* RouteDestination.swift */ = {isa = PBXFileReference; lastKnownFileType = sourcecode.swift; path = RouteDestination.swift; sourceTree = "<group>"; };
		94CF6782E9CB3B9D69914E8C /* PrivacyInfo.xcprivacy */ = {isa = PBXFileReference; path = PrivacyInfo.xcprivacy; sourceTree = "<group>"; };
		9617DD31BA89B09F9D5E6DDE /* SourcesViewTests.swift */ = {isa = PBXFileReference; lastKnownFileType = sourcecode.swift; path = SourcesViewTests.swift; sourceTree = "<group>"; };
		969D7BE4B5B0AC1094B37103 /* AlbumArtistListView.swift */ = {isa = PBXFileReference; lastKnownFileType = sourcecode.swift; path = AlbumArtistListView.swift; sourceTree = "<group>"; };
		98568006B2C16F9BF1BC3830 /* ArtworkTint.swift */ = {isa = PBXFileReference; lastKnownFileType = sourcecode.swift; path = ArtworkTint.swift; sourceTree = "<group>"; };
		9B1181F7DF24601B148DB16A /* Playback */ = {isa = PBXFileReference; lastKnownFileType = folder; name = Playback; path = Playback; sourceTree = SOURCE_ROOT; };
		9BDFD4513B43CF4304880231 /* ArtworkColorExtractor.swift */ = {isa = PBXFileReference; lastKnownFileType = sourcecode.swift; path = ArtworkColorExtractor.swift; sourceTree = "<group>"; };
		9CF6FFC261DFB5CF6553CC77 /* AlbumArtistDetailView.swift */ = {isa = PBXFileReference; lastKnownFileType = sourcecode.swift; path = AlbumArtistDetailView.swift; sourceTree = "<group>"; };
		9EB97ABD546F19AAB459025C /* AlbumListView.swift */ = {isa = PBXFileReference; lastKnownFileType = sourcecode.swift; path = AlbumListView.swift; sourceTree = "<group>"; };
		9F59DA1BBF939E0071AED4F2 /* ViewModelCache.swift */ = {isa = PBXFileReference; lastKnownFileType = sourcecode.swift; path = ViewModelCache.swift; sourceTree = "<group>"; };
		A18FD9C61B587B073E26B5DC /* GenreDetailView.swift */ = {isa = PBXFileReference; lastKnownFileType = sourcecode.swift; path = GenreDetailView.swift; sourceTree = "<group>"; };
		A8D3E5BE60A178860D1F22FA /* EqualizerViewTests.swift */ = {isa = PBXFileReference; lastKnownFileType = sourcecode.swift; path = EqualizerViewTests.swift; sourceTree = "<group>"; };
		AB3130910D39D3EBAB25744C /* Assets.xcassets */ = {isa = PBXFileReference; lastKnownFileType = folder.assetcatalog; path = Assets.xcassets; sourceTree = "<group>"; };
		AD2EF810FC899B3829DAD4FA /* ServerSignInViewTests.swift */ = {isa = PBXFileReference; lastKnownFileType = sourcecode.swift; path = ServerSignInViewTests.swift; sourceTree = "<group>"; };
		AE1248F23C192E471CE3403C /* SmartPlaylistDetailTests.swift */ = {isa = PBXFileReference; lastKnownFileType = sourcecode.swift; path = SmartPlaylistDetailTests.swift; sourceTree = "<group>"; };
		B12E0CB3FCC7571A44BAD037 /* AudioSessionController.swift */ = {isa = PBXFileReference; lastKnownFileType = sourcecode.swift; path = AudioSessionController.swift; sourceTree = "<group>"; };
		B2A215E10EED997DF8D49390 /* SearchViewTests.swift */ = {isa = PBXFileReference; lastKnownFileType = sourcecode.swift; path = SearchViewTests.swift; sourceTree = "<group>"; };
		B32385386778AA341330EA17 /* CoverMosaic.swift */ = {isa = PBXFileReference; lastKnownFileType = sourcecode.swift; path = CoverMosaic.swift; sourceTree = "<group>"; };
		B4EABE937DFDA953B4A4F31C /* PlayerPalette.swift */ = {isa = PBXFileReference; lastKnownFileType = sourcecode.swift; path = PlayerPalette.swift; sourceTree = "<group>"; };
		B68CE2B34453BFF2F0D8C705 /* PlayerNotice.swift */ = {isa = PBXFileReference; lastKnownFileType = sourcecode.swift; path = PlayerNotice.swift; sourceTree = "<group>"; };
		B7AADEAF2F8D24AC514AD547 /* AirPlayButton.swift */ = {isa = PBXFileReference; lastKnownFileType = sourcecode.swift; path = AirPlayButton.swift; sourceTree = "<group>"; };
		B9B0D7D971C30D4A0B6D6D8E /* NowPlayingControllerTests.swift */ = {isa = PBXFileReference; lastKnownFileType = sourcecode.swift; path = NowPlayingControllerTests.swift; sourceTree = "<group>"; };
		BA3C4C66EB5919CB2CD27F60 /* EngineAudioPlayerTests.swift */ = {isa = PBXFileReference; lastKnownFileType = sourcecode.swift; path = EngineAudioPlayerTests.swift; sourceTree = "<group>"; };
		BB1F6A8475DD9D2EA014187B /* AlbumSectionHeader.swift */ = {isa = PBXFileReference; lastKnownFileType = sourcecode.swift; path = AlbumSectionHeader.swift; sourceTree = "<group>"; };
		BE0563753774CA8C18BFCA94 /* FakeAudioEngine.swift */ = {isa = PBXFileReference; lastKnownFileType = sourcecode.swift; path = FakeAudioEngine.swift; sourceTree = "<group>"; };
		C32DBA1BFA689E63E9C474A4 /* SourceSetupFlow.swift */ = {isa = PBXFileReference; lastKnownFileType = sourcecode.swift; path = SourceSetupFlow.swift; sourceTree = "<group>"; };
		C646ADA121ECD50C73F27ECA /* SongInfoSections.swift */ = {isa = PBXFileReference; lastKnownFileType = sourcecode.swift; path = SongInfoSections.swift; sourceTree = "<group>"; };
		C72BD30E191F8DDEFB8D6B41 /* ArtworkTintTests.swift */ = {isa = PBXFileReference; lastKnownFileType = sourcecode.swift; path = ArtworkTintTests.swift; sourceTree = "<group>"; };
		C8AC265BC9335CC1C9710C63 /* MiniPlayerViewTests.swift */ = {isa = PBXFileReference; lastKnownFileType = sourcecode.swift; path = MiniPlayerViewTests.swift; sourceTree = "<group>"; };
		CA8F70031E091A9E05A0ABE8 /* DesignSystemTests.swift */ = {isa = PBXFileReference; lastKnownFileType = sourcecode.swift; path = DesignSystemTests.swift; sourceTree = "<group>"; };
		CE8467A5CA986447D9340F53 /* ServerDetailView.swift */ = {isa = PBXFileReference; lastKnownFileType = sourcecode.swift; path = ServerDetailView.swift; sourceTree = "<group>"; };
		CFFFB17EF4036829CFD54688 /* EqualizerView.swift */ = {isa = PBXFileReference; lastKnownFileType = sourcecode.swift; path = EqualizerView.swift; sourceTree = "<group>"; };
		D0D38E5CC8D77C5BA07D5821 /* NowPlayingView.swift */ = {isa = PBXFileReference; lastKnownFileType = sourcecode.swift; path = NowPlayingView.swift; sourceTree = "<group>"; };
		D679F550BBE525E21437DE0B /* SongRow.swift */ = {isa = PBXFileReference; lastKnownFileType = sourcecode.swift; path = SongRow.swift; sourceTree = "<group>"; };
		D6F13B4E6E24F493A2104D75 /* PlayerPresentation.swift */ = {isa = PBXFileReference; lastKnownFileType = sourcecode.swift; path = PlayerPresentation.swift; sourceTree = "<group>"; };
		DDCC039C577D8A1D202C35A0 /* ArtworkPalette.swift */ = {isa = PBXFileReference; lastKnownFileType = sourcecode.swift; path = ArtworkPalette.swift; sourceTree = "<group>"; };
		E5B4C7411078C92EE8985A4B /* Info.plist */ = {isa = PBXFileReference; lastKnownFileType = text.plist; path = Info.plist; sourceTree = "<group>"; };
		E961F30A527AB450C8572B47 /* Separator.swift */ = {isa = PBXFileReference; lastKnownFileType = sourcecode.swift; path = Separator.swift; sourceTree = "<group>"; };
		EFF976AEFD8C5C99F5A3872E /* AudioQuality.swift */ = {isa = PBXFileReference; lastKnownFileType = sourcecode.swift; path = AudioQuality.swift; sourceTree = "<group>"; };
		EFFBC031880E93536DB77D51 /* EngineAudioPlayer.swift */ = {isa = PBXFileReference; lastKnownFileType = sourcecode.swift; path = EngineAudioPlayer.swift; sourceTree = "<group>"; };
		F2E9C9B867D2C9D540A8AF3C /* SettingsViewTests.swift */ = {isa = PBXFileReference; lastKnownFileType = sourcecode.swift; path = SettingsViewTests.swift; sourceTree = "<group>"; };
		F57C06B74E49F7F95F50A62E /* MarqueeText.swift */ = {isa = PBXFileReference; lastKnownFileType = sourcecode.swift; path = MarqueeText.swift; sourceTree = "<group>"; };
		F6D121E3E347AC1642C1D039 /* LibraryLetterIndex.swift */ = {isa = PBXFileReference; lastKnownFileType = sourcecode.swift; path = LibraryLetterIndex.swift; sourceTree = "<group>"; };
		F7647069B7F0DC85EE4B35DB /* EmptyState.swift */ = {isa = PBXFileReference; lastKnownFileType = sourcecode.swift; path = EmptyState.swift; sourceTree = "<group>"; };
		F8D3127BEC11A3D89D92CAA2 /* RouteTests.swift */ = {isa = PBXFileReference; lastKnownFileType = sourcecode.swift; path = RouteTests.swift; sourceTree = "<group>"; };
		F95725D349E6F5EBD720DD23 /* AudioEngine.swift */ = {isa = PBXFileReference; lastKnownFileType = sourcecode.swift; path = AudioEngine.swift; sourceTree = "<group>"; };
		F97E968C1BD5C9BA155566A5 /* Shape.swift */ = {isa = PBXFileReference; lastKnownFileType = sourcecode.swift; path = Shape.swift; sourceTree = "<group>"; };
		F9F70EFFAD10B452F52E8A77 /* Glass.swift */ = {isa = PBXFileReference; lastKnownFileType = sourcecode.swift; path = Glass.swift; sourceTree = "<group>"; };
		FBA8DC3CAF502AB452A47E5C /* DetailSupportTests.swift */ = {isa = PBXFileReference; lastKnownFileType = sourcecode.swift; path = DetailSupportTests.swift; sourceTree = "<group>"; };
		FC1FE5FCCB4D9AB28DBE8864 /* HomeItemTile.swift */ = {isa = PBXFileReference; lastKnownFileType = sourcecode.swift; path = HomeItemTile.swift; sourceTree = "<group>"; };
		FC548555BCD74CA0702CE7B3 /* ContentView.swift */ = {isa = PBXFileReference; lastKnownFileType = sourcecode.swift; path = ContentView.swift; sourceTree = "<group>"; };
		FCBFC3688D06BC30635B00FA /* Settings.bundle */ = {isa = PBXFileReference; lastKnownFileType = wrapper.cfbundle; path = Settings.bundle; sourceTree = "<group>"; };
/* End PBXFileReference section */

/* Begin PBXFrameworksBuildPhase section */
		6B81A9F88E5D79C538D7B26B /* Frameworks */ = {
			isa = PBXFrameworksBuildPhase;
			buildActionMask = 2147483647;
			files = (
				1E36BC6BB4AFF482C902E8F1 /* S2Playback in Frameworks */,
			);
			runOnlyForDeploymentPostprocessing = 0;
		};
		78340C9670B6271996674E41 /* Frameworks */ = {
			isa = PBXFrameworksBuildPhase;
			buildActionMask = 2147483647;
			files = (
				C49D068C77F250C823A5A2A9 /* ViewInspector in Frameworks */,
			);
			runOnlyForDeploymentPostprocessing = 0;
		};
/* End PBXFrameworksBuildPhase section */

/* Begin PBXGroup section */
		0D62783E5C489F5FD45E5F4A /* SongInfo */ = {
			isa = PBXGroup;
			children = (
				EFF976AEFD8C5C99F5A3872E /* AudioQuality.swift */,
				C646ADA121ECD50C73F27ECA /* SongInfoSections.swift */,
				829B812DD1A922DF9F8DF440 /* SongInfoView.swift */,
			);
			path = SongInfo;
			sourceTree = "<group>";
		};
		10C75F7A569EA40C21C3DF50 /* Products */ = {
			isa = PBXGroup;
			children = (
				76ADBE2382A54513A42CEACC /* S2.app */,
				6C03B6D3CCE903CAEB601182 /* S2Tests.xctest */,
			);
			name = Products;
			sourceTree = "<group>";
		};
		14489CDC0673EAD5346046CB /* Playback */ = {
			isa = PBXGroup;
			children = (
				B7AADEAF2F8D24AC514AD547 /* AirPlayButton.swift */,
				528C6644D4642CD20178A704 /* MiniPlayerView.swift */,
				4ADA676570793AAB2B73A604 /* NowPlayingAudioSheets.swift */,
				D0D38E5CC8D77C5BA07D5821 /* NowPlayingView.swift */,
				77DAB02A2B7331E3CA3C4332 /* PlayerBinding.swift */,
				B68CE2B34453BFF2F0D8C705 /* PlayerNotice.swift */,
				D6F13B4E6E24F493A2104D75 /* PlayerPresentation.swift */,
				2F2835E631713B620C844627 /* PlayIntent.swift */,
			);
			path = Playback;
			sourceTree = "<group>";
		};
		1EB42041EB717398B02B90EE /* Components */ = {
			isa = PBXGroup;
			children = (
				4FC86FB5219FFA411079E834 /* ArtworkBackground.swift */,
				B32385386778AA341330EA17 /* CoverMosaic.swift */,
				F7647069B7F0DC85EE4B35DB /* EmptyState.swift */,
				041ABAC56D609C794639DB1A /* FilterChip.swift */,
				F57C06B74E49F7F95F50A62E /* MarqueeText.swift */,
				7679FEB8D9FEE4B1455173CC /* MediaRow.swift */,
				442479EA4A659CDC3E88462B /* RemoteArtwork.swift */,
				36538449409BD13651C085A2 /* SectionHeader.swift */,
			);
			path = Components;
			sourceTree = "<group>";
		};
		230BD3E2FF59C99A7A798571 /* Theme */ = {
			isa = PBXGroup;
			children = (
				9BDFD4513B43CF4304880231 /* ArtworkColorExtractor.swift */,
				DDCC039C577D8A1D202C35A0 /* ArtworkPalette.swift */,
				98568006B2C16F9BF1BC3830 /* ArtworkTint.swift */,
				2105451B4A503DA93D9DAC70 /* Colors.swift */,
				F9F70EFFAD10B452F52E8A77 /* Glass.swift */,
				467103A9C583DD5E8967EABF /* LayoutTier.swift */,
				6FA31930A8CB79E30E7CB606 /* Motion.swift */,
				B4EABE937DFDA953B4A4F31C /* PlayerPalette.swift */,
				E961F30A527AB450C8572B47 /* Separator.swift */,
				F97E968C1BD5C9BA155566A5 /* Shape.swift */,
				8477763CCDC4966B330DC086 /* Shimmer.swift */,
				42D2D56852BA79BF5517563F /* Spacing.swift */,
				87263640816D52C273CCC216 /* Typography.swift */,
			);
			path = Theme;
			sourceTree = "<group>";
		};
		2A697C9CE99C874FCD3F5C98 /* Settings */ = {
			isa = PBXGroup;
			children = (
				CFFFB17EF4036829CFD54688 /* EqualizerView.swift */,
				56B6E8E6934F436F7FDF2343 /* PlaybackSettingsView.swift */,
				77F718CDD54F88ED9434F689 /* SettingsView.swift */,
			);
			path = Settings;
			sourceTree = "<group>";
		};
		6A26665A8636770337D9BF5E /* Home */ = {
			isa = PBXGroup;
			children = (
				FC1FE5FCCB4D9AB28DBE8864 /* HomeItemTile.swift */,
				52BE27ECE8E19F5960E66097 /* HomeView.swift */,
				906D37F830AB77668D7F8D89 /* JumpBackInGrid.swift */,
			);
			path = Home;
			sourceTree = "<group>";
		};
		7ACDCA6E40286B75EDF1EF45 /* Features */ = {
			isa = PBXGroup;
			children = (
				C8DC61C48FC636CCC9E0CAEC /* Detail */,
				6A26665A8636770337D9BF5E /* Home */,
				DA95D55D136CA55BD5BD62FB /* Library */,
				82BBCBC0A15ACA0705EC837F /* Onboarding */,
				14489CDC0673EAD5346046CB /* Playback */,
				D219C6F606F5A77630C81800 /* Search */,
				2A697C9CE99C874FCD3F5C98 /* Settings */,
				0D62783E5C489F5FD45E5F4A /* SongInfo */,
				C66B0E4CF9A0889B851C5FC2 /* Sources */,
			);
			path = Features;
			sourceTree = "<group>";
		};
		82BBCBC0A15ACA0705EC837F /* Onboarding */ = {
			isa = PBXGroup;
			children = (
				C32DBA1BFA689E63E9C474A4 /* SourceSetupFlow.swift */,
			);
			path = Onboarding;
			sourceTree = "<group>";
		};
		8BEC2E0B7CB87E23D1EEC51E = {
			isa = PBXGroup;
			children = (
				D873E58C3EE60B6DDBAB3652 /* Packages */,
				FB42E849C186766B75983BC9 /* S2 */,
				F168FECA40247360109283BC /* S2Tests */,
				10C75F7A569EA40C21C3DF50 /* Products */,
			);
			sourceTree = "<group>";
		};
		9C2E136AEF3D714A2556FB6F /* Platform */ = {
			isa = PBXGroup;
			children = (
				DDC4417FE0C297CDE63A9BEC /* Audio */,
			);
			path = Platform;
			sourceTree = "<group>";
		};
		A9A010A2A01CBDCBE609800E /* Navigation */ = {
			isa = PBXGroup;
			children = (
				89689E4CDFC9350CB0EFB888 /* Navigator.swift */,
				102211043771B638F9DEBB28 /* Route.swift */,
				9439F2E0407BF9275E4CEC04 /* RouteDestination.swift */,
				67AA5EABDB43DCBE61D34029 /* ShellContainer.swift */,
			);
			path = Navigation;
			sourceTree = "<group>";
		};
		B802D8A89AD0B7B3EF631EF3 /* Artwork */ = {
			isa = PBXGroup;
			children = (
				163103F43F01EBA86D007C5F /* ArtworkImage.swift */,
				31E55AD106EEAAB1C05E1B8A /* ArtworkLoader.swift */,
			);
			path = Artwork;
			sourceTree = "<group>";
		};
		C66B0E4CF9A0889B851C5FC2 /* Sources */ = {
			isa = PBXGroup;
			children = (
				CE8467A5CA986447D9340F53 /* ServerDetailView.swift */,
				1778C13112603D7FCD2AAAE6 /* ServerSignInView.swift */,
				5EB548347F36B5DBD39E7922 /* SourcesView.swift */,
			);
			path = Sources;
			sourceTree = "<group>";
		};
		C8DC61C48FC636CCC9E0CAEC /* Detail */ = {
			isa = PBXGroup;
			children = (
				9CF6FFC261DFB5CF6553CC77 /* AlbumArtistDetailView.swift */,
				26298475CFBDD52FD92166E6 /* AlbumDetailView.swift */,
				BB1F6A8475DD9D2EA014187B /* AlbumSectionHeader.swift */,
				346675B16296BE8F1612838A /* DetailSupport.swift */,
				A18FD9C61B587B073E26B5DC /* GenreDetailView.swift */,
				1758719EFAFB68F08639BC26 /* PlaylistDetailView.swift */,
				440B9C9AC22F673636605230 /* SmartPlaylistDetailView.swift */,
			);
			path = Detail;
			sourceTree = "<group>";
		};
		D219C6F606F5A77630C81800 /* Search */ = {
			isa = PBXGroup;
			children = (
				158B1F52DF06F29C91362AA1 /* SearchView.swift */,
			);
			path = Search;
			sourceTree = "<group>";
		};
		D873E58C3EE60B6DDBAB3652 /* Packages */ = {
			isa = PBXGroup;
			children = (
				9B1181F7DF24601B148DB16A /* Playback */,
			);
			name = Packages;
			sourceTree = "<group>";
		};
		DA95D55D136CA55BD5BD62FB /* Library */ = {
			isa = PBXGroup;
			children = (
				969D7BE4B5B0AC1094B37103 /* AlbumArtistListView.swift */,
				9EB97ABD546F19AAB459025C /* AlbumListView.swift */,
				219D34D59A017AC9E82F0C9E /* GenreListView.swift */,
				036F202686AE3731A4488CE1 /* ImportActivity.swift */,
				205F2D98E447A246625BE4A5 /* LibraryCollection.swift */,
				52FDEC92D75DB433244B1C2E /* LibraryImport.swift */,
				F6D121E3E347AC1642C1D039 /* LibraryLetterIndex.swift */,
				7800BB96A63022F81C627539 /* LibrarySortMenu.swift */,
				2F74B98EFB99516DD895C476 /* LibraryView.swift */,
				2F76D1A68F4085AD3F385D00 /* PlaylistListView.swift */,
				25A16BF1FBD866CAC92AD676 /* SongListView.swift */,
				D679F550BBE525E21437DE0B /* SongRow.swift */,
			);
			path = Library;
			sourceTree = "<group>";
		};
		DDC4417FE0C297CDE63A9BEC /* Audio */ = {
			isa = PBXGroup;
			children = (
				F95725D349E6F5EBD720DD23 /* AudioEngine.swift */,
				B12E0CB3FCC7571A44BAD037 /* AudioSessionController.swift */,
				EFFBC031880E93536DB77D51 /* EngineAudioPlayer.swift */,
				402DCA8A76A00BEDF61347DF /* MusicPlaybackController+AudioEngine.swift */,
				6D4EC07E38D0A5C76D2B59F0 /* NowPlayingController.swift */,
				91C9049F0CB5EDB935D8D6B8 /* PlaybackSystemCoordinator.swift */,
			);
			path = Audio;
			sourceTree = "<group>";
		};
		F168FECA40247360109283BC /* S2Tests */ = {
			isa = PBXGroup;
			children = (
				626D669847C07508951E6DCF /* AlbumArtistDetailTests.swift */,
				60C0C48BCE8CEF1B30FF9D34 /* AlbumArtistListTests.swift */,
				82D8F50EA0F4508C11C2A23D /* AlbumDetailTests.swift */,
				8283086D7B89F655CDC63931 /* AppShellTests.swift */,
				5C6B428E35216AC97CDD0502 /* ArtworkLoaderTests.swift */,
				1A070F599F25063A5506E523 /* ArtworkSource+Testing.swift */,
				C72BD30E191F8DDEFB8D6B41 /* ArtworkTintTests.swift */,
				12C790AE3052665B98697F90 /* AudioSessionControllerTests.swift */,
				5E1633C34A912D4852F34CC2 /* CombineFlowBridgeTests.swift */,
				CA8F70031E091A9E05A0ABE8 /* DesignSystemTests.swift */,
				FBA8DC3CAF502AB452A47E5C /* DetailSupportTests.swift */,
				BA3C4C66EB5919CB2CD27F60 /* EngineAudioPlayerTests.swift */,
				A8D3E5BE60A178860D1F22FA /* EqualizerViewTests.swift */,
				BE0563753774CA8C18BFCA94 /* FakeAudioEngine.swift */,
				344A8CE0E64AF6DE0B323968 /* GenreDetailTests.swift */,
				40DB4BD291074658C1281380 /* GenreListTests.swift */,
				17CAC2177C448E5AAF2FC3D4 /* HomeViewTests.swift */,
				1C4156A63D9F30E876660749 /* LayoutTierTests.swift */,
				796A3B12BBE0B079F29CF480 /* LibraryGridTests.swift */,
				8B1B9EE110E1BFA6AF478F22 /* LibraryLetterIndexTests.swift */,
				191927F39E29CE059057C079 /* LibraryListTests.swift */,
				4FC13290DC486051BE47FF29 /* LibrarySortMenuTests.swift */,
				644FCDF9D90ECEA9AEB75600 /* LibraryViewTests.swift */,
				C8AC265BC9335CC1C9710C63 /* MiniPlayerViewTests.swift */,
				10A6ADEACA55D27E692A2C22 /* NavigatorTests.swift */,
				B9B0D7D971C30D4A0B6D6D8E /* NowPlayingControllerTests.swift */,
				48E0B40EF9B1410AFE3490A4 /* NowPlayingViewTests.swift */,
				4F97906E25504493A67DA322 /* PlaybackSystemCoordinatorTests.swift */,
				4508034A93DD7E7D4C59E362 /* PlayerBindingTests.swift */,
				589A21F654ABF5821FB118E5 /* PlayerEventOutcomeTests.swift */,
				9188F0A66E8159B42084CA4B /* PlayerPaletteTests.swift */,
				4145D11B811DE85C2F3F718A /* PlayIntentTests.swift */,
				104B0330AE77C6FD6B180FC7 /* PlaylistDetailTests.swift */,
				6B467DAFF667D6F5A48F5DBA /* PlaylistListTests.swift */,
				F8D3127BEC11A3D89D92CAA2 /* RouteTests.swift */,
				0F7B25219533CE12C48913F7 /* SearchPerformanceTests.swift */,
				B2A215E10EED997DF8D49390 /* SearchViewTests.swift */,
				AD2EF810FC899B3829DAD4FA /* ServerSignInViewTests.swift */,
				F2E9C9B867D2C9D540A8AF3C /* SettingsViewTests.swift */,
				AE1248F23C192E471CE3403C /* SmartPlaylistDetailTests.swift */,
				7041C95EB2787868FD153782 /* SongInfoTests.swift */,
				123D81D04E01D0A27CB6D60B /* SongRowTests.swift */,
				3C35C7691E4A7FAE290762B2 /* SourceSetupFlowTests.swift */,
				9617DD31BA89B09F9D5E6DDE /* SourcesViewTests.swift */,
				14BB2620441276D4E9C54BA6 /* TestSongs.swift */,
				81E32BC8DC4703CBE2DCD79C /* ViewModelCacheTests.swift */,
			);
			path = S2Tests;
			sourceTree = "<group>";
		};
		F4C836F843D4287688E030BA /* KMP */ = {
			isa = PBXGroup;
			children = (
				7E5961F296B2738309AF66BC /* AppGraph.swift */,
				071E70571E51743974A5AC4F /* CombineFlowBridge.swift */,
				7D100B2699FDBBA93E472ED3 /* ConsumeEvents.swift */,
				9F59DA1BBF939E0071AED4F2 /* ViewModelCache.swift */,
				214D546417D1085A1C2B5F67 /* ViewModelGroup.swift */,
			);
			path = KMP;
			sourceTree = "<group>";
		};
		FB42E849C186766B75983BC9 /* S2 */ = {
			isa = PBXGroup;
			children = (
				AB3130910D39D3EBAB25744C /* Assets.xcassets */,
				FC548555BCD74CA0702CE7B3 /* ContentView.swift */,
				E5B4C7411078C92EE8985A4B /* Info.plist */,
				CB2C91FE8406D6ED46243D9D /* Localizable.strings */,
				94CF6782E9CB3B9D69914E8C /* PrivacyInfo.xcprivacy */,
				20E688A48CB9963C2F8837D2 /* S2App.swift */,
				FCBFC3688D06BC30635B00FA /* Settings.bundle */,
				B802D8A89AD0B7B3EF631EF3 /* Artwork */,
				1EB42041EB717398B02B90EE /* Components */,
				7ACDCA6E40286B75EDF1EF45 /* Features */,
				F4C836F843D4287688E030BA /* KMP */,
				A9A010A2A01CBDCBE609800E /* Navigation */,
				9C2E136AEF3D714A2556FB6F /* Platform */,
				230BD3E2FF59C99A7A798571 /* Theme */,
			);
			path = S2;
			sourceTree = "<group>";
		};
/* End PBXGroup section */

/* Begin PBXNativeTarget section */
		700B514AFDA44B4E0F510CA5 /* S2Tests */ = {
			isa = PBXNativeTarget;
			buildConfigurationList = 3E1A34C19AA283B01C1A822B /* Build configuration list for PBXNativeTarget "S2Tests" */;
			buildPhases = (
				47BBA06AFF5E74CB9D7E0193 /* Sources */,
				78340C9670B6271996674E41 /* Frameworks */,
			);
			buildRules = (
			);
			dependencies = (
				C3F8C7263DA4BA2719CA8631 /* PBXTargetDependency */,
			);
			name = S2Tests;
			packageProductDependencies = (
				B8D3D385DF619051CF4D4D12 /* ViewInspector */,
			);
			productName = S2Tests;
			productReference = 6C03B6D3CCE903CAEB601182 /* S2Tests.xctest */;
			productType = "com.apple.product-type.bundle.unit-test";
		};
		E92023F4E4F12EE1966E286F /* S2 */ = {
			isa = PBXNativeTarget;
			buildConfigurationList = 7217CD64FABF208520D63F8F /* Build configuration list for PBXNativeTarget "S2" */;
			buildPhases = (
				24B571BCF52FA9F85EC6B6D3 /* Sources */,
				39BF38B38B2652D8211A778A /* Resources */,
				6B81A9F88E5D79C538D7B26B /* Frameworks */,
			);
			buildRules = (
			);
			dependencies = (
			);
			name = S2;
			packageProductDependencies = (
				991A0127927C490EA585B9CC /* S2Playback */,
			);
			productName = S2;
			productReference = 76ADBE2382A54513A42CEACC /* S2.app */;
			productType = "com.apple.product-type.application";
		};
/* End PBXNativeTarget section */

/* Begin PBXProject section */
		F3C5A9A39D405087978DD8F6 /* Project object */ = {
			isa = PBXProject;
			attributes = {
				BuildIndependentTargetsInParallel = YES;
				LastUpgradeCheck = 1600;
				TargetAttributes = {
					700B514AFDA44B4E0F510CA5 = {
						DevelopmentTeam = "$(APP_TEAM)";
					};
					E92023F4E4F12EE1966E286F = {
						DevelopmentTeam = "$(APP_TEAM)";
					};
				};
			};
			buildConfigurationList = 7342E0F34B2A0725787FF4C4 /* Build configuration list for PBXProject "S2" */;
			compatibilityVersion = "Xcode 14.0";
			developmentRegion = en;
			hasScannedForEncodings = 0;
			knownRegions = (
				Base,
				en,
			);
			mainGroup = 8BEC2E0B7CB87E23D1EEC51E;
			minimizedProjectReferenceProxies = 1;
			packageReferences = (
				B8CB0CC0A101C1C66AA6BA86 /* XCRemoteSwiftPackageReference "ViewInspector" */,
				82F6E270A6E27A25514ECA65 /* XCLocalSwiftPackageReference "Playback" */,
			);
			preferredProjectObjectVersion = 77;
			projectDirPath = "";
			projectRoot = "";
			targets = (
				E92023F4E4F12EE1966E286F /* S2 */,
				700B514AFDA44B4E0F510CA5 /* S2Tests */,
			);
		};
/* End PBXProject section */

/* Begin PBXResourcesBuildPhase section */
		39BF38B38B2652D8211A778A /* Resources */ = {
			isa = PBXResourcesBuildPhase;
			buildActionMask = 2147483647;
			files = (
				22061B66DFCCC943591B60BA /* Assets.xcassets in Resources */,
				842361F9758C975E8AAB0BDB /* Localizable.strings in Resources */,
				D3F60B96084F2A27FEDB1EB9 /* PrivacyInfo.xcprivacy in Resources */,
				52C29020D1D42E749E7EAC01 /* Settings.bundle in Resources */,
			);
			runOnlyForDeploymentPostprocessing = 0;
		};
/* End PBXResourcesBuildPhase section */

/* Begin PBXSourcesBuildPhase section */
		24B571BCF52FA9F85EC6B6D3 /* Sources */ = {
			isa = PBXSourcesBuildPhase;
			buildActionMask = 2147483647;
			files = (
				5E3B09AB807AB94FC257FAC9 /* AirPlayButton.swift in Sources */,
				570B6E4C9E40ECF2784B855C /* AlbumArtistDetailView.swift in Sources */,
				6431833B8D6C0A0B282E0F5F /* AlbumArtistListView.swift in Sources */,
				ACCCD2E8586E770E2C07D096 /* AlbumDetailView.swift in Sources */,
				364F5DB5B5BC1C174907D5ED /* AlbumListView.swift in Sources */,
				DE3C1474FB4F0D0A5163FCC8 /* AlbumSectionHeader.swift in Sources */,
				85CD36E6527CD8C02C94C68E /* AppGraph.swift in Sources */,
				624E2C6798581CD66B607606 /* ArtworkBackground.swift in Sources */,
				FC765588CFC3B367E0D2CFB0 /* ArtworkColorExtractor.swift in Sources */,
				73304BDD0F5F554C34287560 /* ArtworkImage.swift in Sources */,
				D974D54BCFF1770DE0DF8A55 /* ArtworkLoader.swift in Sources */,
				B2017C3E5F7DB5964CD434D0 /* ArtworkPalette.swift in Sources */,
				F1039F380A383B28D4B1BC2F /* ArtworkTint.swift in Sources */,
				126A2D1ECDCB2820F903D70A /* AudioEngine.swift in Sources */,
				F473B39BF82E79D396C77573 /* AudioQuality.swift in Sources */,
				076ADE2573B4CCD76E1C2473 /* AudioSessionController.swift in Sources */,
				C59FBDB9E91FA89CBA2B6386 /* Colors.swift in Sources */,
				231078D87B2D4E48A18485EC /* CombineFlowBridge.swift in Sources */,
				EA877E9F937EC35097A15E73 /* ConsumeEvents.swift in Sources */,
				553A58C265C6AFA440D89FCF /* ContentView.swift in Sources */,
				2ABA345B8D63E42DA6D413BF /* CoverMosaic.swift in Sources */,
				21FE30A773E2FAFEEB422155 /* DetailSupport.swift in Sources */,
				A63A662503830912A4762A65 /* EmptyState.swift in Sources */,
				A8A521383C88462C5210FEF1 /* EngineAudioPlayer.swift in Sources */,
				0478BEC87E6005E259F62AE4 /* EqualizerView.swift in Sources */,
				48BBD8574995CA01C2A459C1 /* FilterChip.swift in Sources */,
				E5C52791957D1D65E6800967 /* GenreDetailView.swift in Sources */,
				B72F8880FF3CF21C649FB03E /* GenreListView.swift in Sources */,
				CA6F3819B1788DCE9222B321 /* Glass.swift in Sources */,
				3E0028B763F6EBB5558A2441 /* HomeItemTile.swift in Sources */,
				F3ABB063A6171C619BAB09B8 /* HomeView.swift in Sources */,
				210B036A0CC1AF2D9E0E1286 /* ImportActivity.swift in Sources */,
				4B7D96BE34E44984943545EE /* JumpBackInGrid.swift in Sources */,
				9D1A42B52CE59007F5DFA5A7 /* LayoutTier.swift in Sources */,
				3175D4D1DC6565C41E534C91 /* LibraryCollection.swift in Sources */,
				B8399C63B96189E50C51B76E /* LibraryImport.swift in Sources */,
				74DD184C2EBBB3F4E997B71D /* LibraryLetterIndex.swift in Sources */,
				4FFABF85108C9B7FA840C9DE /* LibrarySortMenu.swift in Sources */,
				9B1E89BAD9F71286BF2437AA /* LibraryView.swift in Sources */,
				B0FB022FA7D066955A64D070 /* MarqueeText.swift in Sources */,
				CCEAD67EFEF0617F3B75D30D /* MediaRow.swift in Sources */,
				35711F16198C1340CC43E55A /* MiniPlayerView.swift in Sources */,
				76888FE5233E4B90ED2A244A /* Motion.swift in Sources */,
				161A7624D72A25B5DA169F75 /* MusicPlaybackController+AudioEngine.swift in Sources */,
				A4DB8F671CB561F475D9337B /* Navigator.swift in Sources */,
				8D35BFA6D0DEA168AF80AD0C /* NowPlayingAudioSheets.swift in Sources */,
				3E021E78C43854C64163C4FF /* NowPlayingController.swift in Sources */,
				34C47AF9BC740718A6B15B47 /* NowPlayingView.swift in Sources */,
				97C1316CB57AA5EC7C3219A5 /* PlayIntent.swift in Sources */,
				C94DF2D35D4DCF038C4FB9F5 /* PlaybackSettingsView.swift in Sources */,
				672C44354CAADEA1C9F901B7 /* PlaybackSystemCoordinator.swift in Sources */,
				21285C07C55D398490CCF075 /* PlayerBinding.swift in Sources */,
				3B297FCDDC6A2A782858A56D /* PlayerNotice.swift in Sources */,
				BC96C3A8656E42ADB2A47476 /* PlayerPalette.swift in Sources */,
				31622DC97DF270EF81190A43 /* PlayerPresentation.swift in Sources */,
				0E7907AA683D6400A21C379A /* PlaylistDetailView.swift in Sources */,
				DA9C801B38D6B5C671BA3362 /* PlaylistListView.swift in Sources */,
				5CB5C5912DA7AF5DF32CE0B4 /* RemoteArtwork.swift in Sources */,
				A7677505BD6ABB9546620C0D /* Route.swift in Sources */,
				090C3713C7D8C7CDF2ACBA76 /* RouteDestination.swift in Sources */,
				DA730FACA000899524710C84 /* S2App.swift in Sources */,
				A5FC469E9A6B7236B4187BA6 /* SearchView.swift in Sources */,
				2A319BAAFA3AE125057BF8AC /* SectionHeader.swift in Sources */,
				0E0B027A3870445B18FC5012 /* Separator.swift in Sources */,
				69DAA7DE0ED3D9BCF0A98D4C /* ServerDetailView.swift in Sources */,
				5BF07A6C45571F1110476F74 /* ServerSignInView.swift in Sources */,
				C6F8C2F04E379EB42828F981 /* SettingsView.swift in Sources */,
				C06F838DD291958251D1AA51 /* Shape.swift in Sources */,
				6A67D7A370D304760B517B8D /* ShellContainer.swift in Sources */,
				27EDE8BF878B3F8D7F1580AE /* Shimmer.swift in Sources */,
				EB31CEEE4B03748EA4BD2A1E /* SmartPlaylistDetailView.swift in Sources */,
				890A154886B1B157CAAFDFEA /* SongInfoSections.swift in Sources */,
				2EB0A626190F975E4FDEBDC5 /* SongInfoView.swift in Sources */,
				43AB85762965B15754A34D88 /* SongListView.swift in Sources */,
				44C327B4FBF11A10614B931B /* SongRow.swift in Sources */,
				C77AF297E16BD55870DA82AE /* SourceSetupFlow.swift in Sources */,
				DD4891E0BF44B93EAF236D70 /* SourcesView.swift in Sources */,
				219A25DB3B9C7F1880CE3AB0 /* Spacing.swift in Sources */,
				BBA3A674A453A7214F3948FA /* Typography.swift in Sources */,
				D81817D1E15FF9445D39A71D /* ViewModelCache.swift in Sources */,
				2D1E96D1ECC97DF4A709C917 /* ViewModelGroup.swift in Sources */,
			);
			runOnlyForDeploymentPostprocessing = 0;
		};
		47BBA06AFF5E74CB9D7E0193 /* Sources */ = {
			isa = PBXSourcesBuildPhase;
			buildActionMask = 2147483647;
			files = (
				C8BE242010D2B03768E1EFE8 /* AlbumArtistDetailTests.swift in Sources */,
				87E7FAF7C7C7910AFA56B5D7 /* AlbumArtistListTests.swift in Sources */,
				C0540805B66A09FDE6557DB9 /* AlbumDetailTests.swift in Sources */,
				B9BD09F696DCDF0CCAA8045D /* AppShellTests.swift in Sources */,
				6EA145E4CCCF5A2D66E95C7C /* ArtworkLoaderTests.swift in Sources */,
				879F7220E10417FE86AEA528 /* ArtworkSource+Testing.swift in Sources */,
				1D096299208BE05D1B687A6A /* ArtworkTintTests.swift in Sources */,
				E1955E56226D498BCA1865D2 /* AudioSessionControllerTests.swift in Sources */,
				AD30CBCBD32BA3F24F6B355E /* CombineFlowBridgeTests.swift in Sources */,
				36448DF63FDD4D6333FB9DD2 /* DesignSystemTests.swift in Sources */,
				2DA2E2E30509CFBEDD4130AD /* DetailSupportTests.swift in Sources */,
				102D87FC8E24D263D787ECA9 /* EngineAudioPlayerTests.swift in Sources */,
				B853C3B025A218C9E08FA400 /* EqualizerViewTests.swift in Sources */,
				6E5F162D0C7883B79420E471 /* FakeAudioEngine.swift in Sources */,
				FE3EFECB1604076DE596F3CE /* GenreDetailTests.swift in Sources */,
				406F210DE2687C5AFC4765C1 /* GenreListTests.swift in Sources */,
				1A38A709B25F4854ACB8A784 /* HomeViewTests.swift in Sources */,
				F96A02B9E3B2536F18277736 /* LayoutTierTests.swift in Sources */,
				8DB654A84EBD8D0D7A13656B /* LibraryGridTests.swift in Sources */,
				7470E4F2218A8D38E42764C1 /* LibraryLetterIndexTests.swift in Sources */,
				7A701E93B15CFAEEF3311D42 /* LibraryListTests.swift in Sources */,
				1E4056BB6ED5BD70E4CF5E76 /* LibrarySortMenuTests.swift in Sources */,
				3C9A3CFCD175F341D2569B15 /* LibraryViewTests.swift in Sources */,
				585A0251C433400E10A4AF82 /* MiniPlayerViewTests.swift in Sources */,
				2C7B3FD103869E7BB31DC2A7 /* NavigatorTests.swift in Sources */,
				E92BFDB4D95C7E2F0D897342 /* NowPlayingControllerTests.swift in Sources */,
				8DB510F3C2861DAE2E6D79ED /* NowPlayingViewTests.swift in Sources */,
				6AEB0AC592D2378BF49D2D41 /* PlayIntentTests.swift in Sources */,
				A12FAD75FAC331471138D9B0 /* PlaybackSystemCoordinatorTests.swift in Sources */,
				3276AA0BF67F5F0A9B6E0D28 /* PlayerBindingTests.swift in Sources */,
				87BE61D41895A26AB403D726 /* PlayerEventOutcomeTests.swift in Sources */,
				A0D212754B15BC66F9CBE7EB /* PlayerPaletteTests.swift in Sources */,
				F12EE3732E1D78A378DBEEC5 /* PlaylistDetailTests.swift in Sources */,
				18416BC746C2876787050585 /* PlaylistListTests.swift in Sources */,
				952FFA6805354B6A7B73D0E7 /* RouteTests.swift in Sources */,
				3BA363657A25B16138985A50 /* SearchPerformanceTests.swift in Sources */,
				FF363B6168FD0A6F0006028A /* SearchViewTests.swift in Sources */,
				F7C5229F897F3B344B93DAC9 /* ServerSignInViewTests.swift in Sources */,
				D38E4DF3DFD20F788529DAE9 /* SettingsViewTests.swift in Sources */,
				4F5AE3ED0FF9CCAC0F5ED871 /* SmartPlaylistDetailTests.swift in Sources */,
				57F9789CC5776E74E0B9857B /* SongInfoTests.swift in Sources */,
				ECA5089D7B73ECF4C8B9AD4F /* SongRowTests.swift in Sources */,
				D959A8478773245D31E9DD45 /* SourceSetupFlowTests.swift in Sources */,
				F5A38E52E15457BCE9E4FE31 /* SourcesViewTests.swift in Sources */,
				4BB77D4A9957ED117DDCF31A /* TestSongs.swift in Sources */,
				D15E8CB1C210263CFE0A4956 /* ViewModelCacheTests.swift in Sources */,
			);
			runOnlyForDeploymentPostprocessing = 0;
		};
/* End PBXSourcesBuildPhase section */

/* Begin PBXTargetDependency section */
		C3F8C7263DA4BA2719CA8631 /* PBXTargetDependency */ = {
			isa = PBXTargetDependency;
			target = E92023F4E4F12EE1966E286F /* S2 */;
			targetProxy = A2539C69EC8E7E8008B714E2 /* PBXContainerItemProxy */;
		};
/* End PBXTargetDependency section */

/* Begin PBXVariantGroup section */
		CB2C91FE8406D6ED46243D9D /* Localizable.strings */ = {
			isa = PBXVariantGroup;
			children = (
				7F87245A9FB0C0CD8A257CA4 /* en */,
			);
			name = Localizable.strings;
			sourceTree = "<group>";
		};
/* End PBXVariantGroup section */

/* Begin XCBuildConfiguration section */
		4EC5FAF3FF74304DE64E3D21 /* Debug */ = {
			isa = XCBuildConfiguration;
			buildSettings = {
				ALWAYS_SEARCH_USER_PATHS = NO;
				CLANG_ANALYZER_NONNULL = YES;
				CLANG_ANALYZER_NUMBER_OBJECT_CONVERSION = YES_AGGRESSIVE;
				CLANG_CXX_LANGUAGE_STANDARD = "gnu++14";
				CLANG_CXX_LIBRARY = "libc++";
				CLANG_ENABLE_MODULES = YES;
				CLANG_ENABLE_OBJC_ARC = YES;
				CLANG_ENABLE_OBJC_WEAK = YES;
				CLANG_WARN_BLOCK_CAPTURE_AUTORELEASING = YES;
				CLANG_WARN_BOOL_CONVERSION = YES;
				CLANG_WARN_COMMA = YES;
				CLANG_WARN_CONSTANT_CONVERSION = YES;
				CLANG_WARN_DEPRECATED_OBJC_IMPLEMENTATIONS = YES;
				CLANG_WARN_DIRECT_OBJC_ISA_USAGE = YES_ERROR;
				CLANG_WARN_DOCUMENTATION_COMMENTS = YES;
				CLANG_WARN_EMPTY_BODY = YES;
				CLANG_WARN_ENUM_CONVERSION = YES;
				CLANG_WARN_INFINITE_RECURSION = YES;
				CLANG_WARN_INT_CONVERSION = YES;
				CLANG_WARN_NON_LITERAL_NULL_CONVERSION = YES;
				CLANG_WARN_OBJC_IMPLICIT_RETAIN_SELF = YES;
				CLANG_WARN_OBJC_LITERAL_CONVERSION = YES;
				CLANG_WARN_OBJC_ROOT_CLASS = YES_ERROR;
				CLANG_WARN_QUOTED_INCLUDE_IN_FRAMEWORK_HEADER = YES;
				CLANG_WARN_RANGE_LOOP_ANALYSIS = YES;
				CLANG_WARN_STRICT_PROTOTYPES = YES;
				CLANG_WARN_SUSPICIOUS_MOVE = YES;
				CLANG_WARN_UNGUARDED_AVAILABILITY = YES_AGGRESSIVE;
				CLANG_WARN_UNREACHABLE_CODE = YES;
				CLANG_WARN__DUPLICATE_METHOD_MATCH = YES;
				COPY_PHASE_STRIP = NO;
				DEBUG_INFORMATION_FORMAT = dwarf;
				DEVELOPMENT_TEAM = "$(APP_TEAM)";
				ENABLE_STRICT_OBJC_MSGSEND = YES;
				ENABLE_TESTABILITY = YES;
				"EXCLUDED_ARCHS[sdk=iphonesimulator*]" = x86_64;
				GCC_C_LANGUAGE_STANDARD = gnu11;
				GCC_DYNAMIC_NO_PIC = NO;
				GCC_NO_COMMON_BLOCKS = YES;
				GCC_OPTIMIZATION_LEVEL = 0;
				GCC_PREPROCESSOR_DEFINITIONS = (
					"$(inherited)",
					"DEBUG=1",
				);
				GCC_WARN_64_TO_32_BIT_CONVERSION = YES;
				GCC_WARN_ABOUT_RETURN_TYPE = YES_ERROR;
				GCC_WARN_UNDECLARED_SELECTOR = YES;
				GCC_WARN_UNINITIALIZED_AUTOS = YES_AGGRESSIVE;
				GCC_WARN_UNUSED_FUNCTION = YES;
				GCC_WARN_UNUSED_VARIABLE = YES;
				IPHONEOS_DEPLOYMENT_TARGET = 17.0;
				MTL_ENABLE_DEBUG_INFO = INCLUDE_SOURCE;
				MTL_FAST_MATH = YES;
				ONLY_ACTIVE_ARCH = YES;
				PRODUCT_NAME = "$(TARGET_NAME)";
				SDKROOT = iphoneos;
				SWIFT_ACTIVE_COMPILATION_CONDITIONS = DEBUG;
				SWIFT_OPTIMIZATION_LEVEL = "-Onone";
				SWIFT_VERSION = 5.0;
				TARGETED_DEVICE_FAMILY = "1,2";
			};
			name = Debug;
		};
		61F574036A282FC256281C8A /* Release */ = {
			isa = XCBuildConfiguration;
			buildSettings = {
				BUNDLE_LOADER = "$(TEST_HOST)";
				GENERATE_INFOPLIST_FILE = YES;
				LD_RUNPATH_SEARCH_PATHS = (
					"$(inherited)",
					"@executable_path/Frameworks",
					"@loader_path/Frameworks",
				);
				PRODUCT_BUNDLE_IDENTIFIER = com.simplecityapps.shuttle.S2Tests;
				SDKROOT = iphoneos;
				SWIFT_STRICT_CONCURRENCY = targeted;
				SWIFT_VERSION = 5.9;
				TARGETED_DEVICE_FAMILY = "1,2";
				TEST_HOST = "$(BUILT_PRODUCTS_DIR)/S2.app/$(BUNDLE_EXECUTABLE_FOLDER_PATH)/S2";
			};
			name = Release;
		};
		6C9103DCC12C5D0CD05B41DC /* Debug */ = {
			isa = XCBuildConfiguration;
			buildSettings = {
				BUNDLE_LOADER = "$(TEST_HOST)";
				FRAMEWORK_SEARCH_PATHS = (
					"$(inherited)",
					"$(SRCROOT)/../shared/build/bin/iosSimulatorArm64/debugFramework",
				);
				GENERATE_INFOPLIST_FILE = YES;
				LD_RUNPATH_SEARCH_PATHS = (
					"$(inherited)",
					"@executable_path/Frameworks",
					"@loader_path/Frameworks",
				);
				PRODUCT_BUNDLE_IDENTIFIER = com.simplecityapps.shuttle.S2Tests;
				SDKROOT = iphoneos;
				SWIFT_STRICT_CONCURRENCY = targeted;
				SWIFT_VERSION = 5.9;
				TARGETED_DEVICE_FAMILY = "1,2";
				TEST_HOST = "$(BUILT_PRODUCTS_DIR)/S2.app/$(BUNDLE_EXECUTABLE_FOLDER_PATH)/S2";
			};
			name = Debug;
		};
		9C178687DB9A989AEEC00DB6 /* Debug */ = {
			isa = XCBuildConfiguration;
			buildSettings = {
				ASSETCATALOG_COMPILER_APPICON_NAME = AppIcon;
				ASSETCATALOG_COMPILER_GLOBAL_ACCENT_COLOR_NAME = AccentColor;
				CODE_SIGN_IDENTITY = "iPhone Developer";
				CURRENT_PROJECT_VERSION = 1;
				"FRAMEWORK_SEARCH_PATHS[sdk=iphoneos*]" = (
					"$(inherited)",
					"$(SRCROOT)/../shared/build/bin/iosArm64/debugFramework",
				);
				"FRAMEWORK_SEARCH_PATHS[sdk=iphonesimulator*]" = (
					"$(inherited)",
					"$(SRCROOT)/../shared/build/bin/iosSimulatorArm64/debugFramework",
				);
				GENERATE_INFOPLIST_FILE = YES;
				INFOPLIST_FILE = S2/Info.plist;
				INFOPLIST_KEY_CFBundleDisplayName = "Shuttle Music";
				INFOPLIST_KEY_UIApplicationSceneManifest_Generation = YES;
				INFOPLIST_KEY_UILaunchScreen_Generation = YES;
				INFOPLIST_KEY_UISupportedInterfaceOrientations_iPad = "UIInterfaceOrientationPortrait UIInterfaceOrientationPortraitUpsideDown UIInterfaceOrientationLandscapeLeft UIInterfaceOrientationLandscapeRight";
				INFOPLIST_KEY_UISupportedInterfaceOrientations_iPhone = "UIInterfaceOrientationPortrait UIInterfaceOrientationLandscapeLeft UIInterfaceOrientationLandscapeRight";
				LD_RUNPATH_SEARCH_PATHS = (
					"$(inherited)",
					"@executable_path/Frameworks",
				);
				MARKETING_VERSION = 2026.09.27;
				OTHER_LDFLAGS = (
					"$(inherited)",
					"-framework",
					Shared,
				);
				PRODUCT_BUNDLE_IDENTIFIER = com.simplecityapps.shuttle.dev;
				PRODUCT_NAME = S2;
				SDKROOT = iphoneos;
				SWIFT_STRICT_CONCURRENCY = targeted;
				SWIFT_VERSION = 5.9;
				TARGETED_DEVICE_FAMILY = "1,2";
			};
			name = Debug;
		};
		C73575214EF41660510EAACA /* Release */ = {
			isa = XCBuildConfiguration;
			buildSettings = {
				ASSETCATALOG_COMPILER_APPICON_NAME = AppIcon;
				ASSETCATALOG_COMPILER_GLOBAL_ACCENT_COLOR_NAME = AccentColor;
				CODE_SIGN_IDENTITY = "iPhone Developer";
				CURRENT_PROJECT_VERSION = 1;
				"FRAMEWORK_SEARCH_PATHS[sdk=iphoneos*]" = (
					"$(inherited)",
					"$(SRCROOT)/../shared/build/bin/iosArm64/releaseFramework",
				);
				"FRAMEWORK_SEARCH_PATHS[sdk=iphonesimulator*]" = (
					"$(inherited)",
					"$(SRCROOT)/../shared/build/bin/iosSimulatorArm64/releaseFramework",
				);
				GENERATE_INFOPLIST_FILE = YES;
				INFOPLIST_FILE = S2/Info.plist;
				INFOPLIST_KEY_CFBundleDisplayName = "Shuttle Music";
				INFOPLIST_KEY_UIApplicationSceneManifest_Generation = YES;
				INFOPLIST_KEY_UILaunchScreen_Generation = YES;
				INFOPLIST_KEY_UISupportedInterfaceOrientations_iPad = "UIInterfaceOrientationPortrait UIInterfaceOrientationPortraitUpsideDown UIInterfaceOrientationLandscapeLeft UIInterfaceOrientationLandscapeRight";
				INFOPLIST_KEY_UISupportedInterfaceOrientations_iPhone = "UIInterfaceOrientationPortrait UIInterfaceOrientationLandscapeLeft UIInterfaceOrientationLandscapeRight";
				LD_RUNPATH_SEARCH_PATHS = (
					"$(inherited)",
					"@executable_path/Frameworks",
				);
				MARKETING_VERSION = 2026.09.27;
				OTHER_LDFLAGS = (
					"$(inherited)",
					"-framework",
					Shared,
				);
				PRODUCT_BUNDLE_IDENTIFIER = com.simplecityapps.shuttle.dev;
				PRODUCT_NAME = S2;
				SDKROOT = iphoneos;
				SWIFT_STRICT_CONCURRENCY = targeted;
				SWIFT_VERSION = 5.9;
				TARGETED_DEVICE_FAMILY = "1,2";
			};
			name = Release;
		};
		FE66018FBA07CCFB7A4BF781 /* Release */ = {
			isa = XCBuildConfiguration;
			buildSettings = {
				ALWAYS_SEARCH_USER_PATHS = NO;
				CLANG_ANALYZER_NONNULL = YES;
				CLANG_ANALYZER_NUMBER_OBJECT_CONVERSION = YES_AGGRESSIVE;
				CLANG_CXX_LANGUAGE_STANDARD = "gnu++14";
				CLANG_CXX_LIBRARY = "libc++";
				CLANG_ENABLE_MODULES = YES;
				CLANG_ENABLE_OBJC_ARC = YES;
				CLANG_ENABLE_OBJC_WEAK = YES;
				CLANG_WARN_BLOCK_CAPTURE_AUTORELEASING = YES;
				CLANG_WARN_BOOL_CONVERSION = YES;
				CLANG_WARN_COMMA = YES;
				CLANG_WARN_CONSTANT_CONVERSION = YES;
				CLANG_WARN_DEPRECATED_OBJC_IMPLEMENTATIONS = YES;
				CLANG_WARN_DIRECT_OBJC_ISA_USAGE = YES_ERROR;
				CLANG_WARN_DOCUMENTATION_COMMENTS = YES;
				CLANG_WARN_EMPTY_BODY = YES;
				CLANG_WARN_ENUM_CONVERSION = YES;
				CLANG_WARN_INFINITE_RECURSION = YES;
				CLANG_WARN_INT_CONVERSION = YES;
				CLANG_WARN_NON_LITERAL_NULL_CONVERSION = YES;
				CLANG_WARN_OBJC_IMPLICIT_RETAIN_SELF = YES;
				CLANG_WARN_OBJC_LITERAL_CONVERSION = YES;
				CLANG_WARN_OBJC_ROOT_CLASS = YES_ERROR;
				CLANG_WARN_QUOTED_INCLUDE_IN_FRAMEWORK_HEADER = YES;
				CLANG_WARN_RANGE_LOOP_ANALYSIS = YES;
				CLANG_WARN_STRICT_PROTOTYPES = YES;
				CLANG_WARN_SUSPICIOUS_MOVE = YES;
				CLANG_WARN_UNGUARDED_AVAILABILITY = YES_AGGRESSIVE;
				CLANG_WARN_UNREACHABLE_CODE = YES;
				CLANG_WARN__DUPLICATE_METHOD_MATCH = YES;
				COPY_PHASE_STRIP = NO;
				DEBUG_INFORMATION_FORMAT = "dwarf-with-dsym";
				DEVELOPMENT_TEAM = "$(APP_TEAM)";
				ENABLE_NS_ASSERTIONS = NO;
				ENABLE_STRICT_OBJC_MSGSEND = YES;
				"EXCLUDED_ARCHS[sdk=iphonesimulator*]" = x86_64;
				GCC_C_LANGUAGE_STANDARD = gnu11;
				GCC_NO_COMMON_BLOCKS = YES;
				GCC_WARN_64_TO_32_BIT_CONVERSION = YES;
				GCC_WARN_ABOUT_RETURN_TYPE = YES_ERROR;
				GCC_WARN_UNDECLARED_SELECTOR = YES;
				GCC_WARN_UNINITIALIZED_AUTOS = YES_AGGRESSIVE;
				GCC_WARN_UNUSED_FUNCTION = YES;
				GCC_WARN_UNUSED_VARIABLE = YES;
				IPHONEOS_DEPLOYMENT_TARGET = 17.0;
				MTL_ENABLE_DEBUG_INFO = NO;
				MTL_FAST_MATH = YES;
				PRODUCT_NAME = "$(TARGET_NAME)";
				SDKROOT = iphoneos;
				SWIFT_COMPILATION_MODE = wholemodule;
				SWIFT_OPTIMIZATION_LEVEL = "-O";
				SWIFT_VERSION = 5.0;
				TARGETED_DEVICE_FAMILY = "1,2";
			};
			name = Release;
		};
/* End XCBuildConfiguration section */

/* Begin XCConfigurationList section */
		3E1A34C19AA283B01C1A822B /* Build configuration list for PBXNativeTarget "S2Tests" */ = {
			isa = XCConfigurationList;
			buildConfigurations = (
				6C9103DCC12C5D0CD05B41DC /* Debug */,
				61F574036A282FC256281C8A /* Release */,
			);
			defaultConfigurationIsVisible = 0;
			defaultConfigurationName = Debug;
		};
		7217CD64FABF208520D63F8F /* Build configuration list for PBXNativeTarget "S2" */ = {
			isa = XCConfigurationList;
			buildConfigurations = (
				9C178687DB9A989AEEC00DB6 /* Debug */,
				C73575214EF41660510EAACA /* Release */,
			);
			defaultConfigurationIsVisible = 0;
			defaultConfigurationName = Debug;
		};
		7342E0F34B2A0725787FF4C4 /* Build configuration list for PBXProject "S2" */ = {
			isa = XCConfigurationList;
			buildConfigurations = (
				4EC5FAF3FF74304DE64E3D21 /* Debug */,
				FE66018FBA07CCFB7A4BF781 /* Release */,
			);
			defaultConfigurationIsVisible = 0;
			defaultConfigurationName = Debug;
		};
/* End XCConfigurationList section */

/* Begin XCLocalSwiftPackageReference section */
		82F6E270A6E27A25514ECA65 /* XCLocalSwiftPackageReference "Playback" */ = {
			isa = XCLocalSwiftPackageReference;
			relativePath = Playback;
		};
/* End XCLocalSwiftPackageReference section */

/* Begin XCRemoteSwiftPackageReference section */
		B8CB0CC0A101C1C66AA6BA86 /* XCRemoteSwiftPackageReference "ViewInspector" */ = {
			isa = XCRemoteSwiftPackageReference;
			repositoryURL = "https://github.com/nalexn/ViewInspector";
			requirement = {
				kind = exactVersion;
				version = 0.10.3;
			};
		};
/* End XCRemoteSwiftPackageReference section */

/* Begin XCSwiftPackageProductDependency section */
		991A0127927C490EA585B9CC /* S2Playback */ = {
			isa = XCSwiftPackageProductDependency;
			productName = S2Playback;
		};
		B8D3D385DF619051CF4D4D12 /* ViewInspector */ = {
			isa = XCSwiftPackageProductDependency;
			package = B8CB0CC0A101C1C66AA6BA86 /* XCRemoteSwiftPackageReference "ViewInspector" */;
			productName = ViewInspector;
		};
/* End XCSwiftPackageProductDependency section */
	};
	rootObject = F3C5A9A39D405087978DD8F6 /* Project object */;
}
